// !$*UTF8*$!
{
	archiveVersion = 1;
	classes = {
	};
	objectVersion = 46;
	objects = {

/* Begin PBXBuildFile section */
		0531A5792007CCC600F2232C /* CustomRedBackgroundColorButton.swift in Sources */ = {isa = PBXBuildFile; fileRef = 0531A5782007CCC600F2232C /* CustomRedBackgroundColorButton.swift */; };
		0531A57B2007E1F900F2232C /* FilterViewController.swift in Sources */ = {isa = PBXBuildFile; fileRef = 0531A57A2007E1F900F2232C /* FilterViewController.swift */; };
		0531A57D2007EA4200F2232C /* FilterSectionTableViewCell.swift in Sources */ = {isa = PBXBuildFile; fileRef = 0531A57C2007EA4200F2232C /* FilterSectionTableViewCell.swift */; };
		0531A57F2007EA5100F2232C /* FilterOptionTableViewCell.swift in Sources */ = {isa = PBXBuildFile; fileRef = 0531A57E2007EA5100F2232C /* FilterOptionTableViewCell.swift */; };
		05501F86201D10AA00831A08 /* ConversationsWrapper.swift in Sources */ = {isa = PBXBuildFile; fileRef = 05501F85201D10AA00831A08 /* ConversationsWrapper.swift */; };
		05501F88201D10F300831A08 /* Conversation.swift in Sources */ = {isa = PBXBuildFile; fileRef = 05501F87201D10F300831A08 /* Conversation.swift */; };
		05501F8A201D119B00831A08 /* User.swift in Sources */ = {isa = PBXBuildFile; fileRef = 05501F89201D119B00831A08 /* User.swift */; };
		05501F90201D262C00831A08 /* ConversationReply.swift in Sources */ = {isa = PBXBuildFile; fileRef = 05501F8F201D262C00831A08 /* ConversationReply.swift */; };
		05501F92201D2ABC00831A08 /* ConversationMember.swift in Sources */ = {isa = PBXBuildFile; fileRef = 05501F91201D2ABC00831A08 /* ConversationMember.swift */; };
		05501F94201D316600831A08 /* ConversationsDataController.swift in Sources */ = {isa = PBXBuildFile; fileRef = 05501F93201D316600831A08 /* ConversationsDataController.swift */; };
		0575623A200A34110010CBB1 /* BaseNavigationController.swift in Sources */ = {isa = PBXBuildFile; fileRef = 05756239200A34110010CBB1 /* BaseNavigationController.swift */; };
		0575623C200AB33A0010CBB1 /* PendingApprovalsTableViewCell.swift in Sources */ = {isa = PBXBuildFile; fileRef = 0575623B200AB33A0010CBB1 /* PendingApprovalsTableViewCell.swift */; };
		058A0E4C1FF7C44D00147238 /* Login.storyboard in Resources */ = {isa = PBXBuildFile; fileRef = 058A0E4B1FF7C44D00147238 /* Login.storyboard */; };
		058A0ECC1FF7C4DD00147238 /* LoginViewController.swift in Sources */ = {isa = PBXBuildFile; fileRef = 058A0ECB1FF7C4DD00147238 /* LoginViewController.swift */; };
		058A0ED21FF7C50400147238 /* DashboardMyAppsTableViewCell.swift in Sources */ = {isa = PBXBuildFile; fileRef = 058A0ED11FF7C50400147238 /* DashboardMyAppsTableViewCell.swift */; };
		058A0ED41FF7C50D00147238 /* DashboardViewController.swift in Sources */ = {isa = PBXBuildFile; fileRef = 058A0ED31FF7C50D00147238 /* DashboardViewController.swift */; };
		058A0EDA1FF7CA2D00147238 /* ConversationsListViewController.swift in Sources */ = {isa = PBXBuildFile; fileRef = 058A0ED91FF7CA2D00147238 /* ConversationsListViewController.swift */; };
		058A0EDC1FF7CA4800147238 /* ConversationListTableViewCell.swift in Sources */ = {isa = PBXBuildFile; fileRef = 058A0EDB1FF7CA4800147238 /* ConversationListTableViewCell.swift */; };
		05A569962017B74B00C6F713 /* ResponseSerialization.swift in Sources */ = {isa = PBXBuildFile; fileRef = 05A569852017B74800C6F713 /* ResponseSerialization.swift */; };
		05A569972017B74B00C6F713 /* Timeline.swift in Sources */ = {isa = PBXBuildFile; fileRef = 05A569862017B74900C6F713 /* Timeline.swift */; };
		05A569982017B74B00C6F713 /* AFError.swift in Sources */ = {isa = PBXBuildFile; fileRef = 05A569872017B74900C6F713 /* AFError.swift */; };
		05A569992017B74B00C6F713 /* NetworkReachabilityManager.swift in Sources */ = {isa = PBXBuildFile; fileRef = 05A569882017B74900C6F713 /* NetworkReachabilityManager.swift */; };
		05A5699A2017B74B00C6F713 /* SessionDelegate.swift in Sources */ = {isa = PBXBuildFile; fileRef = 05A569892017B74900C6F713 /* SessionDelegate.swift */; };
		05A5699B2017B74B00C6F713 /* Notifications.swift in Sources */ = {isa = PBXBuildFile; fileRef = 05A5698A2017B74900C6F713 /* Notifications.swift */; };
		05A5699C2017B74B00C6F713 /* ServerTrustPolicy.swift in Sources */ = {isa = PBXBuildFile; fileRef = 05A5698B2017B74900C6F713 /* ServerTrustPolicy.swift */; };
		05A5699D2017B74B00C6F713 /* ParameterEncoding.swift in Sources */ = {isa = PBXBuildFile; fileRef = 05A5698C2017B74900C6F713 /* ParameterEncoding.swift */; };
		05A5699E2017B74B00C6F713 /* Request.swift in Sources */ = {isa = PBXBuildFile; fileRef = 05A5698D2017B74A00C6F713 /* Request.swift */; };
		05A5699F2017B74B00C6F713 /* Result.swift in Sources */ = {isa = PBXBuildFile; fileRef = 05A5698E2017B74A00C6F713 /* Result.swift */; };
		05A569A02017B74B00C6F713 /* Validation.swift in Sources */ = {isa = PBXBuildFile; fileRef = 05A5698F2017B74A00C6F713 /* Validation.swift */; };
		05A569A12017B74B00C6F713 /* MultipartFormData.swift in Sources */ = {isa = PBXBuildFile; fileRef = 05A569902017B74A00C6F713 /* MultipartFormData.swift */; };
		05A569A22017B74B00C6F713 /* DispatchQueue+Alamofire.swift in Sources */ = {isa = PBXBuildFile; fileRef = 05A569912017B74A00C6F713 /* DispatchQueue+Alamofire.swift */; };
		05A569A32017B74B00C6F713 /* TaskDelegate.swift in Sources */ = {isa = PBXBuildFile; fileRef = 05A569922017B74A00C6F713 /* TaskDelegate.swift */; };
		05A569A42017B74B00C6F713 /* Alamofire.swift in Sources */ = {isa = PBXBuildFile; fileRef = 05A569932017B74A00C6F713 /* Alamofire.swift */; };
		05A569A52017B74B00C6F713 /* SessionManager.swift in Sources */ = {isa = PBXBuildFile; fileRef = 05A569942017B74A00C6F713 /* SessionManager.swift */; };
		05A569A62017B74B00C6F713 /* Response.swift in Sources */ = {isa = PBXBuildFile; fileRef = 05A569952017B74A00C6F713 /* Response.swift */; };
		05A569BE2017B7B300C6F713 /* HexColorTransform.swift in Sources */ = {isa = PBXBuildFile; fileRef = 05A569A72017B7B000C6F713 /* HexColorTransform.swift */; };
		05A569BF2017B7B300C6F713 /* NSDecimalNumberTransform.swift in Sources */ = {isa = PBXBuildFile; fileRef = 05A569A82017B7B000C6F713 /* NSDecimalNumberTransform.swift */; };
		05A569C02017B7B300C6F713 /* DictionaryTransform.swift in Sources */ = {isa = PBXBuildFile; fileRef = 05A569A92017B7B000C6F713 /* DictionaryTransform.swift */; };
		05A569C12017B7B300C6F713 /* EnumOperators.swift in Sources */ = {isa = PBXBuildFile; fileRef = 05A569AA2017B7B000C6F713 /* EnumOperators.swift */; };
		05A569C22017B7B300C6F713 /* Map.swift in Sources */ = {isa = PBXBuildFile; fileRef = 05A569AB2017B7B000C6F713 /* Map.swift */; };
		05A569C32017B7B300C6F713 /* ImmutableMappable.swift in Sources */ = {isa = PBXBuildFile; fileRef = 05A569AC2017B7B000C6F713 /* ImmutableMappable.swift */; };
		05A569C42017B7B300C6F713 /* URLTransform.swift in Sources */ = {isa = PBXBuildFile; fileRef = 05A569AD2017B7B000C6F713 /* URLTransform.swift */; };
		05A569C52017B7B300C6F713 /* IntegerOperators.swift in Sources */ = {isa = PBXBuildFile; fileRef = 05A569AE2017B7B000C6F713 /* IntegerOperators.swift */; };
		05A569C62017B7B300C6F713 /* DataTransform.swift in Sources */ = {isa = PBXBuildFile; fileRef = 05A569AF2017B7B000C6F713 /* DataTransform.swift */; };
		05A569C72017B7B300C6F713 /* ToJSON.swift in Sources */ = {isa = PBXBuildFile; fileRef = 05A569B02017B7B100C6F713 /* ToJSON.swift */; };
		05A569C82017B7B300C6F713 /* CustomDateFormatTransform.swift in Sources */ = {isa = PBXBuildFile; fileRef = 05A569B12017B7B100C6F713 /* CustomDateFormatTransform.swift */; };
		05A569C92017B7B300C6F713 /* TransformOf.swift in Sources */ = {isa = PBXBuildFile; fileRef = 05A569B22017B7B100C6F713 /* TransformOf.swift */; };
		05A569CA2017B7B300C6F713 /* TransformType.swift in Sources */ = {isa = PBXBuildFile; fileRef = 05A569B32017B7B100C6F713 /* TransformType.swift */; };
		05A569CB2017B7B300C6F713 /* DateFormatterTransform.swift in Sources */ = {isa = PBXBuildFile; fileRef = 05A569B42017B7B100C6F713 /* DateFormatterTransform.swift */; };
		05A569CC2017B7B300C6F713 /* ISO8601DateTransform.swift in Sources */ = {isa = PBXBuildFile; fileRef = 05A569B52017B7B100C6F713 /* ISO8601DateTransform.swift */; };
		05A569CD2017B7B300C6F713 /* FromJSON.swift in Sources */ = {isa = PBXBuildFile; fileRef = 05A569B62017B7B100C6F713 /* FromJSON.swift */; };
		05A569CE2017B7B300C6F713 /* Mapper.swift in Sources */ = {isa = PBXBuildFile; fileRef = 05A569B72017B7B100C6F713 /* Mapper.swift */; };
		05A569CF2017B7B300C6F713 /* MapError.swift in Sources */ = {isa = PBXBuildFile; fileRef = 05A569B82017B7B200C6F713 /* MapError.swift */; };
		05A569D02017B7B300C6F713 /* EnumTransform.swift in Sources */ = {isa = PBXBuildFile; fileRef = 05A569B92017B7B200C6F713 /* EnumTransform.swift */; };
		05A569D12017B7B300C6F713 /* TransformOperators.swift in Sources */ = {isa = PBXBuildFile; fileRef = 05A569BA2017B7B200C6F713 /* TransformOperators.swift */; };
		05A569D22017B7B300C6F713 /* DateTransform.swift in Sources */ = {isa = PBXBuildFile; fileRef = 05A569BB2017B7B200C6F713 /* DateTransform.swift */; };
		05A569D32017B7B300C6F713 /* Mappable.swift in Sources */ = {isa = PBXBuildFile; fileRef = 05A569BC2017B7B200C6F713 /* Mappable.swift */; };
		05A569D42017B7B300C6F713 /* Operators.swift in Sources */ = {isa = PBXBuildFile; fileRef = 05A569BD2017B7B300C6F713 /* Operators.swift */; };
		05A569D62017B7C300C6F713 /* AlamofireObjectMapper.swift in Sources */ = {isa = PBXBuildFile; fileRef = 05A569D52017B7C300C6F713 /* AlamofireObjectMapper.swift */; };
		05A7A8FB1FF7FEEC00472A60 /* NewConversationViewController.swift in Sources */ = {isa = PBXBuildFile; fileRef = 05A7A8FA1FF7FEEC00472A60 /* NewConversationViewController.swift */; };
		05A7A8FD1FF802BC00472A60 /* ApprovalsViewController.swift in Sources */ = {isa = PBXBuildFile; fileRef = 05A7A8FC1FF802BC00472A60 /* ApprovalsViewController.swift */; };
		05A7A8FF1FF80B7700472A60 /* SelectUserViewController.swift in Sources */ = {isa = PBXBuildFile; fileRef = 05A7A8FE1FF80B7700472A60 /* SelectUserViewController.swift */; };
		05A7A9011FF815A000472A60 /* ConversationInfoViewController.swift in Sources */ = {isa = PBXBuildFile; fileRef = 05A7A9001FF8159F00472A60 /* ConversationInfoViewController.swift */; };
		05CC51C320123AAA00EA6D55 /* ApprovalSectionCollectionViewCell.swift in Sources */ = {isa = PBXBuildFile; fileRef = 05CC51C220123AAA00EA6D55 /* ApprovalSectionCollectionViewCell.swift */; };
		5E183E961FF3791D00368DE1 /* ApproveReject.storyboard in Resources */ = {isa = PBXBuildFile; fileRef = 5E183E951FF3791D00368DE1 /* ApproveReject.storyboard */; };
		5E183E9B1FF37B7C00368DE1 /* RejectApplicationViewController.swift in Sources */ = {isa = PBXBuildFile; fileRef = 5E183E9A1FF37B7C00368DE1 /* RejectApplicationViewController.swift */; };
		5E183E9D1FF385AD00368DE1 /* CustomBrownColorTextView.swift in Sources */ = {isa = PBXBuildFile; fileRef = 5E183E9C1FF385AD00368DE1 /* CustomBrownColorTextView.swift */; };
		5E183E9F1FF3887600368DE1 /* CustomBlueTextColorButton.swift in Sources */ = {isa = PBXBuildFile; fileRef = 5E183E9E1FF3887600368DE1 /* CustomBlueTextColorButton.swift */; };
		5E183EA11FF3CA4800368DE1 /* DocumentDetailsViewController.swift in Sources */ = {isa = PBXBuildFile; fileRef = 5E183EA01FF3CA4800368DE1 /* DocumentDetailsViewController.swift */; };
		5E183EA41FF3F97600368DE1 /* PeopleListTableViewCell.swift in Sources */ = {isa = PBXBuildFile; fileRef = 5E183EA31FF3F97600368DE1 /* PeopleListTableViewCell.swift */; };
		5E184EC51FF8A6210000D7C7 /* MembersTableViewCell.swift in Sources */ = {isa = PBXBuildFile; fileRef = 5E184EC41FF8A6210000D7C7 /* MembersTableViewCell.swift */; };
		5E184EC81FF8A8590000D7C7 /* TabBarController.swift in Sources */ = {isa = PBXBuildFile; fileRef = 5E184EC71FF8A8590000D7C7 /* TabBarController.swift */; };
		5E18AE391FF8092E007AA461 /* ApprovalVerificationViewController.swift in Sources */ = {isa = PBXBuildFile; fileRef = 5E18AE381FF8092E007AA461 /* ApprovalVerificationViewController.swift */; };
		5E18AE3E1FF8113A007AA461 /* CustomBlueBackgroundButton.swift in Sources */ = {isa = PBXBuildFile; fileRef = 5E18AE3D1FF8113A007AA461 /* CustomBlueBackgroundButton.swift */; };
		5E18AE401FF818FC007AA461 /* SendPeopleListTableViewCell.swift in Sources */ = {isa = PBXBuildFile; fileRef = 5E18AE3F1FF818FC007AA461 /* SendPeopleListTableViewCell.swift */; };
		5E18AE421FF81B45007AA461 /* AttachmentsViewController.swift in Sources */ = {isa = PBXBuildFile; fileRef = 5E18AE411FF81B45007AA461 /* AttachmentsViewController.swift */; };
		5E18AE441FF81B59007AA461 /* DocumentViewController.swift in Sources */ = {isa = PBXBuildFile; fileRef = 5E18AE431FF81B59007AA461 /* DocumentViewController.swift */; };
		5E18AE461FF8238A007AA461 /* AttachmentsTableViewCell.swift in Sources */ = {isa = PBXBuildFile; fileRef = 5E18AE451FF8238A007AA461 /* AttachmentsTableViewCell.swift */; };
		5E18AE481FF82E0E007AA461 /* TabBar.storyboard in Resources */ = {isa = PBXBuildFile; fileRef = 5E18AE471FF82E0E007AA461 /* TabBar.storyboard */; };
		5E18AE4A1FF82F94007AA461 /* Conversation.storyboard in Resources */ = {isa = PBXBuildFile; fileRef = 5E18AE491FF82F94007AA461 /* Conversation.storyboard */; };
		5E18AE4C1FF82FA4007AA461 /* Dashboard.storyboard in Resources */ = {isa = PBXBuildFile; fileRef = 5E18AE4B1FF82FA3007AA461 /* Dashboard.storyboard */; };
		5E1A8D07201C49C700BFAF10 /* LoginWrapper.swift in Sources */ = {isa = PBXBuildFile; fileRef = 5E1A8D06201C49C700BFAF10 /* LoginWrapper.swift */; };
		5E1A8D09201C6A6300BFAF10 /* RetryView.xib in Resources */ = {isa = PBXBuildFile; fileRef = 5E1A8D08201C6A6300BFAF10 /* RetryView.xib */; };
		5E1A8D0B201C6CD200BFAF10 /* RetryView.swift in Sources */ = {isa = PBXBuildFile; fileRef = 5E1A8D0A201C6CD200BFAF10 /* RetryView.swift */; };
		5E1A8D0D201C78D600BFAF10 /* Reachability.swift in Sources */ = {isa = PBXBuildFile; fileRef = 5E1A8D0C201C78D600BFAF10 /* Reachability.swift */; };
		5E1A8D10201DF57400BFAF10 /* ProfileWrapper.swift in Sources */ = {isa = PBXBuildFile; fileRef = 5E1A8D0F201DF57400BFAF10 /* ProfileWrapper.swift */; };
		5E1A8D12201E221600BFAF10 /* ProfileDataController.swift in Sources */ = {isa = PBXBuildFile; fileRef = 5E1A8D11201E221600BFAF10 /* ProfileDataController.swift */; };
		5E1A8D14201E24AD00BFAF10 /* AboutMeDataController.swift in Sources */ = {isa = PBXBuildFile; fileRef = 5E1A8D13201E24AD00BFAF10 /* AboutMeDataController.swift */; };
		5E1B6CFD1FED2C8500C307B3 /* CustomPickerView.xib in Resources */ = {isa = PBXBuildFile; fileRef = 5E1B6CFC1FED2C8500C307B3 /* CustomPickerView.xib */; };
		5E1B6D011FED33A800C307B3 /* CustomPickerView.swift in Sources */ = {isa = PBXBuildFile; fileRef = 5E1B6D001FED33A800C307B3 /* CustomPickerView.swift */; };
		5E1C498D1FEA4455007CE624 /* CustomBrownTextColorLabel.swift in Sources */ = {isa = PBXBuildFile; fileRef = 5E1C498C1FEA4455007CE624 /* CustomBrownTextColorLabel.swift */; };
		5E1C498F1FEA4468007CE624 /* CustomBlueTextColorLabel.swift in Sources */ = {isa = PBXBuildFile; fileRef = 5E1C498E1FEA4468007CE624 /* CustomBlueTextColorLabel.swift */; };
		5E1C49921FEA45F6007CE624 /* Constants.swift in Sources */ = {isa = PBXBuildFile; fileRef = 5E1C49911FEA45F6007CE624 /* Constants.swift */; };
		5E1C49941FEA494B007CE624 /* PrivacySettingsViewController.swift in Sources */ = {isa = PBXBuildFile; fileRef = 5E1C49931FEA494B007CE624 /* PrivacySettingsViewController.swift */; };
		5E1C49961FEA4EB8007CE624 /* EmailPreferencesViewController.swift in Sources */ = {isa = PBXBuildFile; fileRef = 5E1C49951FEA4EB8007CE624 /* EmailPreferencesViewController.swift */; };
		5E1C49981FEA73F8007CE624 /* AboutMeViewController.swift in Sources */ = {isa = PBXBuildFile; fileRef = 5E1C49971FEA73F8007CE624 /* AboutMeViewController.swift */; };
		5E1C499A1FEA7F30007CE624 /* CustomBrownTextColorTextfield.swift in Sources */ = {isa = PBXBuildFile; fileRef = 5E1C49991FEA7F30007CE624 /* CustomBrownTextColorTextfield.swift */; };
		5E1C499D1FEA80A1007CE624 /* ViewBorder.swift in Sources */ = {isa = PBXBuildFile; fileRef = 5E1C499C1FEA80A1007CE624 /* ViewBorder.swift */; };
		5E1C49A01FEA847B007CE624 /* BaseViewController.swift in Sources */ = {isa = PBXBuildFile; fileRef = 5E1C499F1FEA847B007CE624 /* BaseViewController.swift */; };
		5E1C49A21FEA84F2007CE624 /* CustomerBrownTextColorButton.swift in Sources */ = {isa = PBXBuildFile; fileRef = 5E1C49A11FEA84F2007CE624 /* CustomerBrownTextColorButton.swift */; };
		5E1E4215200F537800FB46C1 /* PVRadioButtonGroup.swift in Sources */ = {isa = PBXBuildFile; fileRef = 5E1E4214200F537800FB46C1 /* PVRadioButtonGroup.swift */; };
		5E1E4217200F537F00FB46C1 /* PVRadioButton.swift in Sources */ = {isa = PBXBuildFile; fileRef = 5E1E4216200F537F00FB46C1 /* PVRadioButton.swift */; };
		5E20CD931FE952BE004ACE0D /* AppDelegate.swift in Sources */ = {isa = PBXBuildFile; fileRef = 5E20CD921FE952BE004ACE0D /* AppDelegate.swift */; };
		5E20CD9A1FE952BE004ACE0D /* Assets.xcassets in Resources */ = {isa = PBXBuildFile; fileRef = 5E20CD991FE952BE004ACE0D /* Assets.xcassets */; };
		5E20CD9D1FE952BE004ACE0D /* LaunchScreen.storyboard in Resources */ = {isa = PBXBuildFile; fileRef = 5E20CD9B1FE952BE004ACE0D /* LaunchScreen.storyboard */; };
		5E20CDAE1FE962E1004ACE0D /* SanFranciscoDisplay-Black.otf in Resources */ = {isa = PBXBuildFile; fileRef = 5E20CDA51FE9621A004ACE0D /* SanFranciscoDisplay-Black.otf */; };
		5E20CDAF1FE962E4004ACE0D /* SanFranciscoDisplay-Bold.otf in Resources */ = {isa = PBXBuildFile; fileRef = 5E20CDA61FE9621A004ACE0D /* SanFranciscoDisplay-Bold.otf */; };
		5E20CDB01FE962E7004ACE0D /* SanFranciscoDisplay-Heavy.otf in Resources */ = {isa = PBXBuildFile; fileRef = 5E20CDA71FE9621A004ACE0D /* SanFranciscoDisplay-Heavy.otf */; };
		5E20CDB11FE962EA004ACE0D /* SanFranciscoDisplay-Light.otf in Resources */ = {isa = PBXBuildFile; fileRef = 5E20CDA81FE9621A004ACE0D /* SanFranciscoDisplay-Light.otf */; };
		5E20CDB21FE962EC004ACE0D /* SanFranciscoDisplay-Medium.otf in Resources */ = {isa = PBXBuildFile; fileRef = 5E20CDA91FE9621A004ACE0D /* SanFranciscoDisplay-Medium.otf */; };
		5E20CDB31FE962F0004ACE0D /* SanFranciscoDisplay-Regular.otf in Resources */ = {isa = PBXBuildFile; fileRef = 5E20CDAA1FE9621A004ACE0D /* SanFranciscoDisplay-Regular.otf */; };
		5E20CDB41FE962F2004ACE0D /* SanFranciscoDisplay-Semibold.otf in Resources */ = {isa = PBXBuildFile; fileRef = 5E20CDAB1FE9621A004ACE0D /* SanFranciscoDisplay-Semibold.otf */; };
		5E20CDB51FE962F4004ACE0D /* SanFranciscoDisplay-Thin.otf in Resources */ = {isa = PBXBuildFile; fileRef = 5E20CDAC1FE9621A004ACE0D /* SanFranciscoDisplay-Thin.otf */; };
		5E20CDB61FE962F7004ACE0D /* SanFranciscoDisplay-Ultralight.otf in Resources */ = {isa = PBXBuildFile; fileRef = 5E20CDAD1FE9621A004ACE0D /* SanFranciscoDisplay-Ultralight.otf */; };
		5E20CDBC1FE971A7004ACE0D /* Settings.storyboard in Resources */ = {isa = PBXBuildFile; fileRef = 5E20CDBB1FE971A7004ACE0D /* Settings.storyboard */; };
		5E20CDC21FE9724A004ACE0D /* SettingsViewController.swift in Sources */ = {isa = PBXBuildFile; fileRef = 5E20CDC11FE9724A004ACE0D /* SettingsViewController.swift */; };
		5E21A6F11FF28CA100DBB157 /* Profile.storyboard in Resources */ = {isa = PBXBuildFile; fileRef = 5E21A6F01FF28CA100DBB157 /* Profile.storyboard */; };
		5E21A6F51FF28E4700DBB157 /* ProfileViewController.swift in Sources */ = {isa = PBXBuildFile; fileRef = 5E21A6F41FF28E4700DBB157 /* ProfileViewController.swift */; };
		5E21B322200F40660045CDA3 /* CoreGraphics.framework in Frameworks */ = {isa = PBXBuildFile; fileRef = 5E21B321200F40660045CDA3 /* CoreGraphics.framework */; };
		5E21B324200F40820045CDA3 /* Foundation.framework in Frameworks */ = {isa = PBXBuildFile; fileRef = 5E21B323200F40820045CDA3 /* Foundation.framework */; };
		5E21B326200F40930045CDA3 /* UIKit.framework in Frameworks */ = {isa = PBXBuildFile; fileRef = 5E21B325200F40930045CDA3 /* UIKit.framework */; };
		5E2D373C2020667F0013A138 /* ImageFilter.swift in Sources */ = {isa = PBXBuildFile; fileRef = 5E2D37342020667C0013A138 /* ImageFilter.swift */; };
		5E2D373D2020667F0013A138 /* ImageDownloader.swift in Sources */ = {isa = PBXBuildFile; fileRef = 5E2D37352020667C0013A138 /* ImageDownloader.swift */; };
		5E2D373E2020667F0013A138 /* UIButton+AlamofireImage.swift in Sources */ = {isa = PBXBuildFile; fileRef = 5E2D37362020667D0013A138 /* UIButton+AlamofireImage.swift */; };
		5E2D373F2020667F0013A138 /* ImageCache.swift in Sources */ = {isa = PBXBuildFile; fileRef = 5E2D37372020667D0013A138 /* ImageCache.swift */; };
		5E2D37402020667F0013A138 /* UIImage+AlamofireImage.swift in Sources */ = {isa = PBXBuildFile; fileRef = 5E2D37382020667E0013A138 /* UIImage+AlamofireImage.swift */; };
		5E2D37412020667F0013A138 /* UIImageView+AlamofireImage.swift in Sources */ = {isa = PBXBuildFile; fileRef = 5E2D37392020667E0013A138 /* UIImageView+AlamofireImage.swift */; };
		5E2D37422020667F0013A138 /* Image.swift in Sources */ = {isa = PBXBuildFile; fileRef = 5E2D373A2020667F0013A138 /* Image.swift */; };
		5E2D37432020667F0013A138 /* Request+AlamofireImage.swift in Sources */ = {isa = PBXBuildFile; fileRef = 5E2D373B2020667F0013A138 /* Request+AlamofireImage.swift */; };
		5E2D3745202066D00013A138 /* AFIError.swift in Sources */ = {isa = PBXBuildFile; fileRef = 5E2D3744202066CF0013A138 /* AFIError.swift */; };
		5E2D3747202087BD0013A138 /* People.swift in Sources */ = {isa = PBXBuildFile; fileRef = 5E2D3746202087BD0013A138 /* People.swift */; };
		5E2D3749202087D50013A138 /* NotificationObject.swift in Sources */ = {isa = PBXBuildFile; fileRef = 5E2D3748202087D50013A138 /* NotificationObject.swift */; };
		5E2D374F2020929A0013A138 /* KRPullLoader.swift in Sources */ = {isa = PBXBuildFile; fileRef = 5E2D374C2020929A0013A138 /* KRPullLoader.swift */; };
		5E2D37502020929A0013A138 /* KRPullLoadView.swift in Sources */ = {isa = PBXBuildFile; fileRef = 5E2D374D2020929A0013A138 /* KRPullLoadView.swift */; };
		5E2D37512020929A0013A138 /* UIScrollViewExtensions.swift in Sources */ = {isa = PBXBuildFile; fileRef = 5E2D374E2020929A0013A138 /* UIScrollViewExtensions.swift */; };
		5E2D375320209DB60013A138 /* NotificationWrapper.swift in Sources */ = {isa = PBXBuildFile; fileRef = 5E2D375220209DB60013A138 /* NotificationWrapper.swift */; };
		5E2D37552020A16F0013A138 /* NotificationDataController.swift in Sources */ = {isa = PBXBuildFile; fileRef = 5E2D37542020A16F0013A138 /* NotificationDataController.swift */; };
		5E37E4CE2012004100088001 /* Notifications.storyboard in Resources */ = {isa = PBXBuildFile; fileRef = 5E37E4CD2012004100088001 /* Notifications.storyboard */; };
		5E37E4D4201204BC00088001 /* NotificationsViewController.swift in Sources */ = {isa = PBXBuildFile; fileRef = 5E37E4D3201204BC00088001 /* NotificationsViewController.swift */; };
		5E37E4D62012050200088001 /* NotificationTableViewCell.swift in Sources */ = {isa = PBXBuildFile; fileRef = 5E37E4D52012050200088001 /* NotificationTableViewCell.swift */; };
		5E3A046E2007A64D004EE2D7 /* ConversationDetailViewController.swift in Sources */ = {isa = PBXBuildFile; fileRef = 5E3A046D2007A64D004EE2D7 /* ConversationDetailViewController.swift */; };
		5E3A04702007C302004EE2D7 /* SentMessageTableViewCell.swift in Sources */ = {isa = PBXBuildFile; fileRef = 5E3A046F2007C302004EE2D7 /* SentMessageTableViewCell.swift */; };
		5E3A04722007C313004EE2D7 /* ReceivedMessageTableViewCell.swift in Sources */ = {isa = PBXBuildFile; fileRef = 5E3A04712007C313004EE2D7 /* ReceivedMessageTableViewCell.swift */; };
		5E4A8D3B1FF4FB4900086667 /* PeopleTableViewCell.swift in Sources */ = {isa = PBXBuildFile; fileRef = 5E4A8D3A1FF4FB4900086667 /* PeopleTableViewCell.swift */; };
		5E4A8D3D1FF4FB6600086667 /* PeopleViewController.swift in Sources */ = {isa = PBXBuildFile; fileRef = 5E4A8D3C1FF4FB6600086667 /* PeopleViewController.swift */; };
		5EC3005A1FEBEBFA00229516 /* AppSettingsViewController.swift in Sources */ = {isa = PBXBuildFile; fileRef = 5EC300591FEBEBFA00229516 /* AppSettingsViewController.swift */; };
		5EC3005C1FEC002000229516 /* SettingsProfileDataController.swift in Sources */ = {isa = PBXBuildFile; fileRef = 5EC3005B1FEC002000229516 /* SettingsProfileDataController.swift */; };
		5EC3005E1FEC03FE00229516 /* SettingOptionsTableViewCell.swift in Sources */ = {isa = PBXBuildFile; fileRef = 5EC3005D1FEC03FE00229516 /* SettingOptionsTableViewCell.swift */; };
		5EC300621FEC0A5A00229516 /* SettingOption.swift in Sources */ = {isa = PBXBuildFile; fileRef = 5EC300611FEC0A5A00229516 /* SettingOption.swift */; };
		5EC300651FEC106600229516 /* PrivacySettingOptionTableViewCell.swift in Sources */ = {isa = PBXBuildFile; fileRef = 5EC300641FEC106600229516 /* PrivacySettingOptionTableViewCell.swift */; };
		5EEFC9BF2021E5C300648F17 /* PeopleWrapper.swift in Sources */ = {isa = PBXBuildFile; fileRef = 5EEFC9BE2021E5C200648F17 /* PeopleWrapper.swift */; };
		5EEFC9C12021E84900648F17 /* PeopleDataController.swift in Sources */ = {isa = PBXBuildFile; fileRef = 5EEFC9C02021E84900648F17 /* PeopleDataController.swift */; };
		5EF31C83201B57E9007727D8 /* Settings.swift in Sources */ = {isa = PBXBuildFile; fileRef = 5EF31C82201B57E9007727D8 /* Settings.swift */; };
		5EF31C86201B5E93007727D8 /* WrapperManager.swift in Sources */ = {isa = PBXBuildFile; fileRef = 5EF31C85201B5E93007727D8 /* WrapperManager.swift */; };
		5EF31C88201B5F18007727D8 /* SettingsWrapper.swift in Sources */ = {isa = PBXBuildFile; fileRef = 5EF31C87201B5F18007727D8 /* SettingsWrapper.swift */; };
		5EF31C8A201B6231007727D8 /* Profile.swift in Sources */ = {isa = PBXBuildFile; fileRef = 5EF31C89201B6231007727D8 /* Profile.swift */; };
/* End PBXBuildFile section */

/* Begin PBXFileReference section */
		0531A5782007CCC600F2232C /* CustomRedBackgroundColorButton.swift */ = {isa = PBXFileReference; fileEncoding = 4; lastKnownFileType = sourcecode.swift; path = CustomRedBackgroundColorButton.swift; sourceTree = "<group>"; };
		0531A57A2007E1F900F2232C /* FilterViewController.swift */ = {isa = PBXFileReference; fileEncoding = 4; lastKnownFileType = sourcecode.swift; path = FilterViewController.swift; sourceTree = "<group>"; };
		0531A57C2007EA4200F2232C /* FilterSectionTableViewCell.swift */ = {isa = PBXFileReference; fileEncoding = 4; lastKnownFileType = sourcecode.swift; path = FilterSectionTableViewCell.swift; sourceTree = "<group>"; };
		0531A57E2007EA5100F2232C /* FilterOptionTableViewCell.swift */ = {isa = PBXFileReference; fileEncoding = 4; lastKnownFileType = sourcecode.swift; path = FilterOptionTableViewCell.swift; sourceTree = "<group>"; };
		05501F85201D10AA00831A08 /* ConversationsWrapper.swift */ = {isa = PBXFileReference; lastKnownFileType = sourcecode.swift; path = ConversationsWrapper.swift; sourceTree = "<group>"; };
		05501F87201D10F300831A08 /* Conversation.swift */ = {isa = PBXFileReference; lastKnownFileType = sourcecode.swift; path = Conversation.swift; sourceTree = "<group>"; };
		05501F89201D119B00831A08 /* User.swift */ = {isa = PBXFileReference; lastKnownFileType = sourcecode.swift; path = User.swift; sourceTree = "<group>"; };
		05501F8F201D262C00831A08 /* ConversationReply.swift */ = {isa = PBXFileReference; lastKnownFileType = sourcecode.swift; path = ConversationReply.swift; sourceTree = "<group>"; };
		05501F91201D2ABC00831A08 /* ConversationMember.swift */ = {isa = PBXFileReference; lastKnownFileType = sourcecode.swift; path = ConversationMember.swift; sourceTree = "<group>"; };
		05501F93201D316600831A08 /* ConversationsDataController.swift */ = {isa = PBXFileReference; lastKnownFileType = sourcecode.swift; path = ConversationsDataController.swift; sourceTree = "<group>"; };
		05756239200A34110010CBB1 /* BaseNavigationController.swift */ = {isa = PBXFileReference; lastKnownFileType = sourcecode.swift; path = BaseNavigationController.swift; sourceTree = "<group>"; };
		0575623B200AB33A0010CBB1 /* PendingApprovalsTableViewCell.swift */ = {isa = PBXFileReference; lastKnownFileType = sourcecode.swift; path = PendingApprovalsTableViewCell.swift; sourceTree = "<group>"; };
		058A0E4B1FF7C44D00147238 /* Login.storyboard */ = {isa = PBXFileReference; fileEncoding = 4; lastKnownFileType = file.storyboard; path = Login.storyboard; sourceTree = "<group>"; };
		058A0ECB1FF7C4DD00147238 /* LoginViewController.swift */ = {isa = PBXFileReference; fileEncoding = 4; lastKnownFileType = sourcecode.swift; path = LoginViewController.swift; sourceTree = "<group>"; };
		058A0ED11FF7C50400147238 /* DashboardMyAppsTableViewCell.swift */ = {isa = PBXFileReference; fileEncoding = 4; lastKnownFileType = sourcecode.swift; path = DashboardMyAppsTableViewCell.swift; sourceTree = "<group>"; };
		058A0ED31FF7C50D00147238 /* DashboardViewController.swift */ = {isa = PBXFileReference; fileEncoding = 4; lastKnownFileType = sourcecode.swift; path = DashboardViewController.swift; sourceTree = "<group>"; };
		058A0ED91FF7CA2D00147238 /* ConversationsListViewController.swift */ = {isa = PBXFileReference; lastKnownFileType = sourcecode.swift; path = ConversationsListViewController.swift; sourceTree = "<group>"; };
		058A0EDB1FF7CA4800147238 /* ConversationListTableViewCell.swift */ = {isa = PBXFileReference; lastKnownFileType = sourcecode.swift; path = ConversationListTableViewCell.swift; sourceTree = "<group>"; };
		05A569852017B74800C6F713 /* ResponseSerialization.swift */ = {isa = PBXFileReference; fileEncoding = 4; lastKnownFileType = sourcecode.swift; path = ResponseSerialization.swift; sourceTree = "<group>"; };
		05A569862017B74900C6F713 /* Timeline.swift */ = {isa = PBXFileReference; fileEncoding = 4; lastKnownFileType = sourcecode.swift; path = Timeline.swift; sourceTree = "<group>"; };
		05A569872017B74900C6F713 /* AFError.swift */ = {isa = PBXFileReference; fileEncoding = 4; lastKnownFileType = sourcecode.swift; path = AFError.swift; sourceTree = "<group>"; };
		05A569882017B74900C6F713 /* NetworkReachabilityManager.swift */ = {isa = PBXFileReference; fileEncoding = 4; lastKnownFileType = sourcecode.swift; path = NetworkReachabilityManager.swift; sourceTree = "<group>"; };
		05A569892017B74900C6F713 /* SessionDelegate.swift */ = {isa = PBXFileReference; fileEncoding = 4; lastKnownFileType = sourcecode.swift; path = SessionDelegate.swift; sourceTree = "<group>"; };
		05A5698A2017B74900C6F713 /* Notifications.swift */ = {isa = PBXFileReference; fileEncoding = 4; lastKnownFileType = sourcecode.swift; path = Notifications.swift; sourceTree = "<group>"; };
		05A5698B2017B74900C6F713 /* ServerTrustPolicy.swift */ = {isa = PBXFileReference; fileEncoding = 4; lastKnownFileType = sourcecode.swift; path = ServerTrustPolicy.swift; sourceTree = "<group>"; };
		05A5698C2017B74900C6F713 /* ParameterEncoding.swift */ = {isa = PBXFileReference; fileEncoding = 4; lastKnownFileType = sourcecode.swift; path = ParameterEncoding.swift; sourceTree = "<group>"; };
		05A5698D2017B74A00C6F713 /* Request.swift */ = {isa = PBXFileReference; fileEncoding = 4; lastKnownFileType = sourcecode.swift; path = Request.swift; sourceTree = "<group>"; };
		05A5698E2017B74A00C6F713 /* Result.swift */ = {isa = PBXFileReference; fileEncoding = 4; lastKnownFileType = sourcecode.swift; path = Result.swift; sourceTree = "<group>"; };
		05A5698F2017B74A00C6F713 /* Validation.swift */ = {isa = PBXFileReference; fileEncoding = 4; lastKnownFileType = sourcecode.swift; path = Validation.swift; sourceTree = "<group>"; };
		05A569902017B74A00C6F713 /* MultipartFormData.swift */ = {isa = PBXFileReference; fileEncoding = 4; lastKnownFileType = sourcecode.swift; path = MultipartFormData.swift; sourceTree = "<group>"; };
		05A569912017B74A00C6F713 /* DispatchQueue+Alamofire.swift */ = {isa = PBXFileReference; fileEncoding = 4; lastKnownFileType = sourcecode.swift; path = "DispatchQueue+Alamofire.swift"; sourceTree = "<group>"; };
		05A569922017B74A00C6F713 /* TaskDelegate.swift */ = {isa = PBXFileReference; fileEncoding = 4; lastKnownFileType = sourcecode.swift; path = TaskDelegate.swift; sourceTree = "<group>"; };
		05A569932017B74A00C6F713 /* Alamofire.swift */ = {isa = PBXFileReference; fileEncoding = 4; lastKnownFileType = sourcecode.swift; path = Alamofire.swift; sourceTree = "<group>"; };
		05A569942017B74A00C6F713 /* SessionManager.swift */ = {isa = PBXFileReference; fileEncoding = 4; lastKnownFileType = sourcecode.swift; path = SessionManager.swift; sourceTree = "<group>"; };
		05A569952017B74A00C6F713 /* Response.swift */ = {isa = PBXFileReference; fileEncoding = 4; lastKnownFileType = sourcecode.swift; path = Response.swift; sourceTree = "<group>"; };
		05A569A72017B7B000C6F713 /* HexColorTransform.swift */ = {isa = PBXFileReference; fileEncoding = 4; lastKnownFileType = sourcecode.swift; path = HexColorTransform.swift; sourceTree = "<group>"; };
		05A569A82017B7B000C6F713 /* NSDecimalNumberTransform.swift */ = {isa = PBXFileReference; fileEncoding = 4; lastKnownFileType = sourcecode.swift; path = NSDecimalNumberTransform.swift; sourceTree = "<group>"; };
		05A569A92017B7B000C6F713 /* DictionaryTransform.swift */ = {isa = PBXFileReference; fileEncoding = 4; lastKnownFileType = sourcecode.swift; path = DictionaryTransform.swift; sourceTree = "<group>"; };
		05A569AA2017B7B000C6F713 /* EnumOperators.swift */ = {isa = PBXFileReference; fileEncoding = 4; lastKnownFileType = sourcecode.swift; path = EnumOperators.swift; sourceTree = "<group>"; };
		05A569AB2017B7B000C6F713 /* Map.swift */ = {isa = PBXFileReference; fileEncoding = 4; lastKnownFileType = sourcecode.swift; path = Map.swift; sourceTree = "<group>"; };
		05A569AC2017B7B000C6F713 /* ImmutableMappable.swift */ = {isa = PBXFileReference; fileEncoding = 4; lastKnownFileType = sourcecode.swift; path = ImmutableMappable.swift; sourceTree = "<group>"; };
		05A569AD2017B7B000C6F713 /* URLTransform.swift */ = {isa = PBXFileReference; fileEncoding = 4; lastKnownFileType = sourcecode.swift; path = URLTransform.swift; sourceTree = "<group>"; };
		05A569AE2017B7B000C6F713 /* IntegerOperators.swift */ = {isa = PBXFileReference; fileEncoding = 4; lastKnownFileType = sourcecode.swift; path = IntegerOperators.swift; sourceTree = "<group>"; };
		05A569AF2017B7B000C6F713 /* DataTransform.swift */ = {isa = PBXFileReference; fileEncoding = 4; lastKnownFileType = sourcecode.swift; path = DataTransform.swift; sourceTree = "<group>"; };
		05A569B02017B7B100C6F713 /* ToJSON.swift */ = {isa = PBXFileReference; fileEncoding = 4; lastKnownFileType = sourcecode.swift; path = ToJSON.swift; sourceTree = "<group>"; };
		05A569B12017B7B100C6F713 /* CustomDateFormatTransform.swift */ = {isa = PBXFileReference; fileEncoding = 4; lastKnownFileType = sourcecode.swift; path = CustomDateFormatTransform.swift; sourceTree = "<group>"; };
		05A569B22017B7B100C6F713 /* TransformOf.swift */ = {isa = PBXFileReference; fileEncoding = 4; lastKnownFileType = sourcecode.swift; path = TransformOf.swift; sourceTree = "<group>"; };
		05A569B32017B7B100C6F713 /* TransformType.swift */ = {isa = PBXFileReference; fileEncoding = 4; lastKnownFileType = sourcecode.swift; path = TransformType.swift; sourceTree = "<group>"; };
		05A569B42017B7B100C6F713 /* DateFormatterTransform.swift */ = {isa = PBXFileReference; fileEncoding = 4; lastKnownFileType = sourcecode.swift; path = DateFormatterTransform.swift; sourceTree = "<group>"; };
		05A569B52017B7B100C6F713 /* ISO8601DateTransform.swift */ = {isa = PBXFileReference; fileEncoding = 4; lastKnownFileType = sourcecode.swift; path = ISO8601DateTransform.swift; sourceTree = "<group>"; };
		05A569B62017B7B100C6F713 /* FromJSON.swift */ = {isa = PBXFileReference; fileEncoding = 4; lastKnownFileType = sourcecode.swift; path = FromJSON.swift; sourceTree = "<group>"; };
		05A569B72017B7B100C6F713 /* Mapper.swift */ = {isa = PBXFileReference; fileEncoding = 4; lastKnownFileType = sourcecode.swift; path = Mapper.swift; sourceTree = "<group>"; };
		05A569B82017B7B200C6F713 /* MapError.swift */ = {isa = PBXFileReference; fileEncoding = 4; lastKnownFileType = sourcecode.swift; path = MapError.swift; sourceTree = "<group>"; };
		05A569B92017B7B200C6F713 /* EnumTransform.swift */ = {isa = PBXFileReference; fileEncoding = 4; lastKnownFileType = sourcecode.swift; path = EnumTransform.swift; sourceTree = "<group>"; };
		05A569BA2017B7B200C6F713 /* TransformOperators.swift */ = {isa = PBXFileReference; fileEncoding = 4; lastKnownFileType = sourcecode.swift; path = TransformOperators.swift; sourceTree = "<group>"; };
		05A569BB2017B7B200C6F713 /* DateTransform.swift */ = {isa = PBXFileReference; fileEncoding = 4; lastKnownFileType = sourcecode.swift; path = DateTransform.swift; sourceTree = "<group>"; };
		05A569BC2017B7B200C6F713 /* Mappable.swift */ = {isa = PBXFileReference; fileEncoding = 4; lastKnownFileType = sourcecode.swift; path = Mappable.swift; sourceTree = "<group>"; };
		05A569BD2017B7B300C6F713 /* Operators.swift */ = {isa = PBXFileReference; fileEncoding = 4; lastKnownFileType = sourcecode.swift; path = Operators.swift; sourceTree = "<group>"; };
		05A569D52017B7C300C6F713 /* AlamofireObjectMapper.swift */ = {isa = PBXFileReference; fileEncoding = 4; lastKnownFileType = sourcecode.swift; path = AlamofireObjectMapper.swift; sourceTree = "<group>"; };
		05A7A8FA1FF7FEEC00472A60 /* NewConversationViewController.swift */ = {isa = PBXFileReference; lastKnownFileType = sourcecode.swift; path = NewConversationViewController.swift; sourceTree = "<group>"; };
		05A7A8FC1FF802BC00472A60 /* ApprovalsViewController.swift */ = {isa = PBXFileReference; lastKnownFileType = sourcecode.swift; path = ApprovalsViewController.swift; sourceTree = "<group>"; };
		05A7A8FE1FF80B7700472A60 /* SelectUserViewController.swift */ = {isa = PBXFileReference; lastKnownFileType = sourcecode.swift; path = SelectUserViewController.swift; sourceTree = "<group>"; };
		05A7A9001FF8159F00472A60 /* ConversationInfoViewController.swift */ = {isa = PBXFileReference; lastKnownFileType = sourcecode.swift; path = ConversationInfoViewController.swift; sourceTree = "<group>"; };
		05CC51C220123AAA00EA6D55 /* ApprovalSectionCollectionViewCell.swift */ = {isa = PBXFileReference; lastKnownFileType = sourcecode.swift; path = ApprovalSectionCollectionViewCell.swift; sourceTree = "<group>"; };
		5E183E951FF3791D00368DE1 /* ApproveReject.storyboard */ = {isa = PBXFileReference; fileEncoding = 4; lastKnownFileType = file.storyboard; path = ApproveReject.storyboard; sourceTree = "<group>"; };
		5E183E9A1FF37B7C00368DE1 /* RejectApplicationViewController.swift */ = {isa = PBXFileReference; fileEncoding = 4; lastKnownFileType = sourcecode.swift; path = RejectApplicationViewController.swift; sourceTree = "<group>"; };
		5E183E9C1FF385AD00368DE1 /* CustomBrownColorTextView.swift */ = {isa = PBXFileReference; fileEncoding = 4; lastKnownFileType = sourcecode.swift; path = CustomBrownColorTextView.swift; sourceTree = "<group>"; };
		5E183E9E1FF3887600368DE1 /* CustomBlueTextColorButton.swift */ = {isa = PBXFileReference; fileEncoding = 4; lastKnownFileType = sourcecode.swift; path = CustomBlueTextColorButton.swift; sourceTree = "<group>"; };
		5E183EA01FF3CA4800368DE1 /* DocumentDetailsViewController.swift */ = {isa = PBXFileReference; fileEncoding = 4; lastKnownFileType = sourcecode.swift; path = DocumentDetailsViewController.swift; sourceTree = "<group>"; };
		5E183EA31FF3F97600368DE1 /* PeopleListTableViewCell.swift */ = {isa = PBXFileReference; fileEncoding = 4; lastKnownFileType = sourcecode.swift; path = PeopleListTableViewCell.swift; sourceTree = "<group>"; };
		5E184EC41FF8A6210000D7C7 /* MembersTableViewCell.swift */ = {isa = PBXFileReference; fileEncoding = 4; lastKnownFileType = sourcecode.swift; path = MembersTableViewCell.swift; sourceTree = "<group>"; };
		5E184EC71FF8A8590000D7C7 /* TabBarController.swift */ = {isa = PBXFileReference; fileEncoding = 4; lastKnownFileType = sourcecode.swift; path = TabBarController.swift; sourceTree = "<group>"; };
		5E18AE381FF8092E007AA461 /* ApprovalVerificationViewController.swift */ = {isa = PBXFileReference; fileEncoding = 4; lastKnownFileType = sourcecode.swift; path = ApprovalVerificationViewController.swift; sourceTree = "<group>"; };
		5E18AE3D1FF8113A007AA461 /* CustomBlueBackgroundButton.swift */ = {isa = PBXFileReference; fileEncoding = 4; lastKnownFileType = sourcecode.swift; path = CustomBlueBackgroundButton.swift; sourceTree = "<group>"; };
		5E18AE3F1FF818FC007AA461 /* SendPeopleListTableViewCell.swift */ = {isa = PBXFileReference; fileEncoding = 4; lastKnownFileType = sourcecode.swift; path = SendPeopleListTableViewCell.swift; sourceTree = "<group>"; };
		5E18AE411FF81B45007AA461 /* AttachmentsViewController.swift */ = {isa = PBXFileReference; fileEncoding = 4; lastKnownFileType = sourcecode.swift; path = AttachmentsViewController.swift; sourceTree = "<group>"; };
		5E18AE431FF81B59007AA461 /* DocumentViewController.swift */ = {isa = PBXFileReference; fileEncoding = 4; lastKnownFileType = sourcecode.swift; path = DocumentViewController.swift; sourceTree = "<group>"; };
		5E18AE451FF8238A007AA461 /* AttachmentsTableViewCell.swift */ = {isa = PBXFileReference; fileEncoding = 4; lastKnownFileType = sourcecode.swift; path = AttachmentsTableViewCell.swift; sourceTree = "<group>"; };
		5E18AE471FF82E0E007AA461 /* TabBar.storyboard */ = {isa = PBXFileReference; fileEncoding = 4; lastKnownFileType = file.storyboard; path = TabBar.storyboard; sourceTree = "<group>"; };
		5E18AE491FF82F94007AA461 /* Conversation.storyboard */ = {isa = PBXFileReference; fileEncoding = 4; lastKnownFileType = file.storyboard; path = Conversation.storyboard; sourceTree = "<group>"; };
		5E18AE4B1FF82FA3007AA461 /* Dashboard.storyboard */ = {isa = PBXFileReference; fileEncoding = 4; lastKnownFileType = file.storyboard; path = Dashboard.storyboard; sourceTree = "<group>"; };
		5E1A8D06201C49C700BFAF10 /* LoginWrapper.swift */ = {isa = PBXFileReference; lastKnownFileType = sourcecode.swift; path = LoginWrapper.swift; sourceTree = "<group>"; };
		5E1A8D08201C6A6300BFAF10 /* RetryView.xib */ = {isa = PBXFileReference; lastKnownFileType = file.xib; path = RetryView.xib; sourceTree = "<group>"; };
		5E1A8D0A201C6CD200BFAF10 /* RetryView.swift */ = {isa = PBXFileReference; lastKnownFileType = sourcecode.swift; path = RetryView.swift; sourceTree = "<group>"; };
		5E1A8D0C201C78D600BFAF10 /* Reachability.swift */ = {isa = PBXFileReference; lastKnownFileType = sourcecode.swift; path = Reachability.swift; sourceTree = "<group>"; };
		5E1A8D0F201DF57400BFAF10 /* ProfileWrapper.swift */ = {isa = PBXFileReference; lastKnownFileType = sourcecode.swift; path = ProfileWrapper.swift; sourceTree = "<group>"; };
		5E1A8D11201E221600BFAF10 /* ProfileDataController.swift */ = {isa = PBXFileReference; lastKnownFileType = sourcecode.swift; path = ProfileDataController.swift; sourceTree = "<group>"; };
		5E1A8D13201E24AD00BFAF10 /* AboutMeDataController.swift */ = {isa = PBXFileReference; lastKnownFileType = sourcecode.swift; path = AboutMeDataController.swift; sourceTree = "<group>"; };
		5E1B6CFC1FED2C8500C307B3 /* CustomPickerView.xib */ = {isa = PBXFileReference; fileEncoding = 4; lastKnownFileType = file.xib; path = CustomPickerView.xib; sourceTree = "<group>"; };
		5E1B6D001FED33A800C307B3 /* CustomPickerView.swift */ = {isa = PBXFileReference; fileEncoding = 4; lastKnownFileType = sourcecode.swift; path = CustomPickerView.swift; sourceTree = "<group>"; };
		5E1C498C1FEA4455007CE624 /* CustomBrownTextColorLabel.swift */ = {isa = PBXFileReference; fileEncoding = 4; lastKnownFileType = sourcecode.swift; path = CustomBrownTextColorLabel.swift; sourceTree = "<group>"; };
		5E1C498E1FEA4468007CE624 /* CustomBlueTextColorLabel.swift */ = {isa = PBXFileReference; fileEncoding = 4; lastKnownFileType = sourcecode.swift; path = CustomBlueTextColorLabel.swift; sourceTree = "<group>"; };
		5E1C49911FEA45F6007CE624 /* Constants.swift */ = {isa = PBXFileReference; fileEncoding = 4; lastKnownFileType = sourcecode.swift; path = Constants.swift; sourceTree = "<group>"; };
		5E1C49931FEA494B007CE624 /* PrivacySettingsViewController.swift */ = {isa = PBXFileReference; fileEncoding = 4; lastKnownFileType = sourcecode.swift; path = PrivacySettingsViewController.swift; sourceTree = "<group>"; };
		5E1C49951FEA4EB8007CE624 /* EmailPreferencesViewController.swift */ = {isa = PBXFileReference; fileEncoding = 4; lastKnownFileType = sourcecode.swift; path = EmailPreferencesViewController.swift; sourceTree = "<group>"; };
		5E1C49971FEA73F8007CE624 /* AboutMeViewController.swift */ = {isa = PBXFileReference; fileEncoding = 4; lastKnownFileType = sourcecode.swift; path = AboutMeViewController.swift; sourceTree = "<group>"; };
		5E1C49991FEA7F30007CE624 /* CustomBrownTextColorTextfield.swift */ = {isa = PBXFileReference; fileEncoding = 4; lastKnownFileType = sourcecode.swift; path = CustomBrownTextColorTextfield.swift; sourceTree = "<group>"; };
		5E1C499C1FEA80A1007CE624 /* ViewBorder.swift */ = {isa = PBXFileReference; fileEncoding = 4; lastKnownFileType = sourcecode.swift; path = ViewBorder.swift; sourceTree = "<group>"; };
		5E1C499F1FEA847B007CE624 /* BaseViewController.swift */ = {isa = PBXFileReference; fileEncoding = 4; lastKnownFileType = sourcecode.swift; path = BaseViewController.swift; sourceTree = "<group>"; };
		5E1C49A11FEA84F2007CE624 /* CustomerBrownTextColorButton.swift */ = {isa = PBXFileReference; fileEncoding = 4; lastKnownFileType = sourcecode.swift; path = CustomerBrownTextColorButton.swift; sourceTree = "<group>"; };
		5E1E4214200F537800FB46C1 /* PVRadioButtonGroup.swift */ = {isa = PBXFileReference; fileEncoding = 4; lastKnownFileType = sourcecode.swift; path = PVRadioButtonGroup.swift; sourceTree = "<group>"; };
		5E1E4216200F537F00FB46C1 /* PVRadioButton.swift */ = {isa = PBXFileReference; fileEncoding = 4; lastKnownFileType = sourcecode.swift; path = PVRadioButton.swift; sourceTree = "<group>"; };
		5E20CD8F1FE952BE004ACE0D /* mNet.app */ = {isa = PBXFileReference; explicitFileType = wrapper.application; includeInIndex = 0; path = mNet.app; sourceTree = BUILT_PRODUCTS_DIR; };
		5E20CD921FE952BE004ACE0D /* AppDelegate.swift */ = {isa = PBXFileReference; lastKnownFileType = sourcecode.swift; path = AppDelegate.swift; sourceTree = "<group>"; };
		5E20CD991FE952BE004ACE0D /* Assets.xcassets */ = {isa = PBXFileReference; lastKnownFileType = folder.assetcatalog; path = Assets.xcassets; sourceTree = "<group>"; };
		5E20CD9C1FE952BE004ACE0D /* Base */ = {isa = PBXFileReference; lastKnownFileType = file.storyboard; name = Base; path = Base.lproj/LaunchScreen.storyboard; sourceTree = "<group>"; };
		5E20CD9E1FE952BE004ACE0D /* Info.plist */ = {isa = PBXFileReference; lastKnownFileType = text.plist.xml; path = Info.plist; sourceTree = "<group>"; };
		5E20CDA51FE9621A004ACE0D /* SanFranciscoDisplay-Black.otf */ = {isa = PBXFileReference; lastKnownFileType = file; path = "SanFranciscoDisplay-Black.otf"; sourceTree = "<group>"; };
		5E20CDA61FE9621A004ACE0D /* SanFranciscoDisplay-Bold.otf */ = {isa = PBXFileReference; lastKnownFileType = file; path = "SanFranciscoDisplay-Bold.otf"; sourceTree = "<group>"; };
		5E20CDA71FE9621A004ACE0D /* SanFranciscoDisplay-Heavy.otf */ = {isa = PBXFileReference; lastKnownFileType = file; path = "SanFranciscoDisplay-Heavy.otf"; sourceTree = "<group>"; };
		5E20CDA81FE9621A004ACE0D /* SanFranciscoDisplay-Light.otf */ = {isa = PBXFileReference; lastKnownFileType = file; path = "SanFranciscoDisplay-Light.otf"; sourceTree = "<group>"; };
		5E20CDA91FE9621A004ACE0D /* SanFranciscoDisplay-Medium.otf */ = {isa = PBXFileReference; lastKnownFileType = file; path = "SanFranciscoDisplay-Medium.otf"; sourceTree = "<group>"; };
		5E20CDAA1FE9621A004ACE0D /* SanFranciscoDisplay-Regular.otf */ = {isa = PBXFileReference; lastKnownFileType = file; path = "SanFranciscoDisplay-Regular.otf"; sourceTree = "<group>"; };
		5E20CDAB1FE9621A004ACE0D /* SanFranciscoDisplay-Semibold.otf */ = {isa = PBXFileReference; lastKnownFileType = file; path = "SanFranciscoDisplay-Semibold.otf"; sourceTree = "<group>"; };
		5E20CDAC1FE9621A004ACE0D /* SanFranciscoDisplay-Thin.otf */ = {isa = PBXFileReference; lastKnownFileType = file; path = "SanFranciscoDisplay-Thin.otf"; sourceTree = "<group>"; };
		5E20CDAD1FE9621A004ACE0D /* SanFranciscoDisplay-Ultralight.otf */ = {isa = PBXFileReference; lastKnownFileType = file; path = "SanFranciscoDisplay-Ultralight.otf"; sourceTree = "<group>"; };
		5E20CDBB1FE971A7004ACE0D /* Settings.storyboard */ = {isa = PBXFileReference; fileEncoding = 4; lastKnownFileType = file.storyboard; path = Settings.storyboard; sourceTree = "<group>"; };
		5E20CDC11FE9724A004ACE0D /* SettingsViewController.swift */ = {isa = PBXFileReference; fileEncoding = 4; lastKnownFileType = sourcecode.swift; path = SettingsViewController.swift; sourceTree = "<group>"; };
		5E21A6F01FF28CA100DBB157 /* Profile.storyboard */ = {isa = PBXFileReference; fileEncoding = 4; lastKnownFileType = file.storyboard; path = Profile.storyboard; sourceTree = "<group>"; };
		5E21A6F41FF28E4700DBB157 /* ProfileViewController.swift */ = {isa = PBXFileReference; fileEncoding = 4; lastKnownFileType = sourcecode.swift; path = ProfileViewController.swift; sourceTree = "<group>"; };
		5E21B321200F40660045CDA3 /* CoreGraphics.framework */ = {isa = PBXFileReference; lastKnownFileType = wrapper.framework; name = CoreGraphics.framework; path = System/Library/Frameworks/CoreGraphics.framework; sourceTree = SDKROOT; };
		5E21B323200F40820045CDA3 /* Foundation.framework */ = {isa = PBXFileReference; lastKnownFileType = wrapper.framework; name = Foundation.framework; path = System/Library/Frameworks/Foundation.framework; sourceTree = SDKROOT; };
		5E21B325200F40930045CDA3 /* UIKit.framework */ = {isa = PBXFileReference; lastKnownFileType = wrapper.framework; name = UIKit.framework; path = System/Library/Frameworks/UIKit.framework; sourceTree = SDKROOT; };
		5E2D37342020667C0013A138 /* ImageFilter.swift */ = {isa = PBXFileReference; fileEncoding = 4; lastKnownFileType = sourcecode.swift; path = ImageFilter.swift; sourceTree = "<group>"; };
		5E2D37352020667C0013A138 /* ImageDownloader.swift */ = {isa = PBXFileReference; fileEncoding = 4; lastKnownFileType = sourcecode.swift; path = ImageDownloader.swift; sourceTree = "<group>"; };
		5E2D37362020667D0013A138 /* UIButton+AlamofireImage.swift */ = {isa = PBXFileReference; fileEncoding = 4; lastKnownFileType = sourcecode.swift; path = "UIButton+AlamofireImage.swift"; sourceTree = "<group>"; };
		5E2D37372020667D0013A138 /* ImageCache.swift */ = {isa = PBXFileReference; fileEncoding = 4; lastKnownFileType = sourcecode.swift; path = ImageCache.swift; sourceTree = "<group>"; };
		5E2D37382020667E0013A138 /* UIImage+AlamofireImage.swift */ = {isa = PBXFileReference; fileEncoding = 4; lastKnownFileType = sourcecode.swift; path = "UIImage+AlamofireImage.swift"; sourceTree = "<group>"; };
		5E2D37392020667E0013A138 /* UIImageView+AlamofireImage.swift */ = {isa = PBXFileReference; fileEncoding = 4; lastKnownFileType = sourcecode.swift; path = "UIImageView+AlamofireImage.swift"; sourceTree = "<group>"; };
		5E2D373A2020667F0013A138 /* Image.swift */ = {isa = PBXFileReference; fileEncoding = 4; lastKnownFileType = sourcecode.swift; path = Image.swift; sourceTree = "<group>"; };
		5E2D373B2020667F0013A138 /* Request+AlamofireImage.swift */ = {isa = PBXFileReference; fileEncoding = 4; lastKnownFileType = sourcecode.swift; path = "Request+AlamofireImage.swift"; sourceTree = "<group>"; };
		5E2D3744202066CF0013A138 /* AFIError.swift */ = {isa = PBXFileReference; fileEncoding = 4; lastKnownFileType = sourcecode.swift; path = AFIError.swift; sourceTree = "<group>"; };
		5E2D3746202087BD0013A138 /* People.swift */ = {isa = PBXFileReference; lastKnownFileType = sourcecode.swift; path = People.swift; sourceTree = "<group>"; };
		5E2D3748202087D50013A138 /* NotificationObject.swift */ = {isa = PBXFileReference; lastKnownFileType = sourcecode.swift; path = NotificationObject.swift; sourceTree = "<group>"; };
		5E2D374C2020929A0013A138 /* KRPullLoader.swift */ = {isa = PBXFileReference; fileEncoding = 4; lastKnownFileType = sourcecode.swift; path = KRPullLoader.swift; sourceTree = "<group>"; };
		5E2D374D2020929A0013A138 /* KRPullLoadView.swift */ = {isa = PBXFileReference; fileEncoding = 4; lastKnownFileType = sourcecode.swift; path = KRPullLoadView.swift; sourceTree = "<group>"; };
		5E2D374E2020929A0013A138 /* UIScrollViewExtensions.swift */ = {isa = PBXFileReference; fileEncoding = 4; lastKnownFileType = sourcecode.swift; path = UIScrollViewExtensions.swift; sourceTree = "<group>"; };
		5E2D375220209DB60013A138 /* NotificationWrapper.swift */ = {isa = PBXFileReference; lastKnownFileType = sourcecode.swift; path = NotificationWrapper.swift; sourceTree = "<group>"; };
		5E2D37542020A16F0013A138 /* NotificationDataController.swift */ = {isa = PBXFileReference; lastKnownFileType = sourcecode.swift; path = NotificationDataController.swift; sourceTree = "<group>"; };
		5E37E4CD2012004100088001 /* Notifications.storyboard */ = {isa = PBXFileReference; lastKnownFileType = file.storyboard; path = Notifications.storyboard; sourceTree = "<group>"; };
		5E37E4D3201204BC00088001 /* NotificationsViewController.swift */ = {isa = PBXFileReference; lastKnownFileType = sourcecode.swift; path = NotificationsViewController.swift; sourceTree = "<group>"; };
		5E37E4D52012050200088001 /* NotificationTableViewCell.swift */ = {isa = PBXFileReference; lastKnownFileType = sourcecode.swift; path = NotificationTableViewCell.swift; sourceTree = "<group>"; };
		5E3A046D2007A64D004EE2D7 /* ConversationDetailViewController.swift */ = {isa = PBXFileReference; fileEncoding = 4; lastKnownFileType = sourcecode.swift; path = ConversationDetailViewController.swift; sourceTree = "<group>"; };
		5E3A046F2007C302004EE2D7 /* SentMessageTableViewCell.swift */ = {isa = PBXFileReference; fileEncoding = 4; lastKnownFileType = sourcecode.swift; path = SentMessageTableViewCell.swift; sourceTree = "<group>"; };
		5E3A04712007C313004EE2D7 /* ReceivedMessageTableViewCell.swift */ = {isa = PBXFileReference; fileEncoding = 4; lastKnownFileType = sourcecode.swift; path = ReceivedMessageTableViewCell.swift; sourceTree = "<group>"; };
		5E4A8D3A1FF4FB4900086667 /* PeopleTableViewCell.swift */ = {isa = PBXFileReference; fileEncoding = 4; lastKnownFileType = sourcecode.swift; path = PeopleTableViewCell.swift; sourceTree = "<group>"; };
		5E4A8D3C1FF4FB6600086667 /* PeopleViewController.swift */ = {isa = PBXFileReference; fileEncoding = 4; lastKnownFileType = sourcecode.swift; path = PeopleViewController.swift; sourceTree = "<group>"; };
		5EC300591FEBEBFA00229516 /* AppSettingsViewController.swift */ = {isa = PBXFileReference; fileEncoding = 4; lastKnownFileType = sourcecode.swift; path = AppSettingsViewController.swift; sourceTree = "<group>"; };
		5EC3005B1FEC002000229516 /* SettingsProfileDataController.swift */ = {isa = PBXFileReference; fileEncoding = 4; lastKnownFileType = sourcecode.swift; path = SettingsProfileDataController.swift; sourceTree = "<group>"; };
		5EC3005D1FEC03FE00229516 /* SettingOptionsTableViewCell.swift */ = {isa = PBXFileReference; fileEncoding = 4; lastKnownFileType = sourcecode.swift; path = SettingOptionsTableViewCell.swift; sourceTree = "<group>"; };
		5EC300611FEC0A5A00229516 /* SettingOption.swift */ = {isa = PBXFileReference; fileEncoding = 4; lastKnownFileType = sourcecode.swift; path = SettingOption.swift; sourceTree = "<group>"; };
		5EC300641FEC106600229516 /* PrivacySettingOptionTableViewCell.swift */ = {isa = PBXFileReference; fileEncoding = 4; lastKnownFileType = sourcecode.swift; path = PrivacySettingOptionTableViewCell.swift; sourceTree = "<group>"; };
		5EEFC9BE2021E5C200648F17 /* PeopleWrapper.swift */ = {isa = PBXFileReference; lastKnownFileType = sourcecode.swift; path = PeopleWrapper.swift; sourceTree = "<group>"; };
		5EEFC9C02021E84900648F17 /* PeopleDataController.swift */ = {isa = PBXFileReference; lastKnownFileType = sourcecode.swift; path = PeopleDataController.swift; sourceTree = "<group>"; };
		5EF31C82201B57E9007727D8 /* Settings.swift */ = {isa = PBXFileReference; lastKnownFileType = sourcecode.swift; path = Settings.swift; sourceTree = "<group>"; };
		5EF31C85201B5E93007727D8 /* WrapperManager.swift */ = {isa = PBXFileReference; lastKnownFileType = sourcecode.swift; path = WrapperManager.swift; sourceTree = "<group>"; };
		5EF31C87201B5F18007727D8 /* SettingsWrapper.swift */ = {isa = PBXFileReference; lastKnownFileType = sourcecode.swift; path = SettingsWrapper.swift; sourceTree = "<group>"; };
		5EF31C89201B6231007727D8 /* Profile.swift */ = {isa = PBXFileReference; lastKnownFileType = sourcecode.swift; path = Profile.swift; sourceTree = "<group>"; };
/* End PBXFileReference section */

/* Begin PBXFrameworksBuildPhase section */
		5E20CD8C1FE952BE004ACE0D /* Frameworks */ = {
			isa = PBXFrameworksBuildPhase;
			buildActionMask = 2147483647;
			files = (
				5E21B326200F40930045CDA3 /* UIKit.framework in Frameworks */,
				5E21B324200F40820045CDA3 /* Foundation.framework in Frameworks */,
				5E21B322200F40660045CDA3 /* CoreGraphics.framework in Frameworks */,
			);
			runOnlyForDeploymentPostprocessing = 0;
		};
/* End PBXFrameworksBuildPhase section */

/* Begin PBXGroup section */
		058A0E8B1FF7C4AA00147238 /* Login Module */ = {
			isa = PBXGroup;
			children = (
				058A0ECA1FF7C4D000147238 /* View Controllers */,
				058A0EC91FF7C4CA00147238 /* Data Controller */,
				058A0EC81FF7C4C500147238 /* Views */,
			);
			name = "Login Module";
			sourceTree = "<group>";
		};
		058A0EC81FF7C4C500147238 /* Views */ = {
			isa = PBXGroup;
			children = (
			);
			name = Views;
			sourceTree = "<group>";
		};
		058A0EC91FF7C4CA00147238 /* Data Controller */ = {
			isa = PBXGroup;
			children = (
			);
			name = "Data Controller";
			sourceTree = "<group>";
		};
		058A0ECA1FF7C4D000147238 /* View Controllers */ = {
			isa = PBXGroup;
			children = (
				058A0ECB1FF7C4DD00147238 /* LoginViewController.swift */,
			);
			name = "View Controllers";
			sourceTree = "<group>";
		};
		058A0ECD1FF7C4E800147238 /* Dashboard */ = {
			isa = PBXGroup;
			children = (
				058A0ED01FF7C4F800147238 /* View Controllers */,
				058A0ECF1FF7C4F200147238 /* Data Controller */,
				058A0ECE1FF7C4EE00147238 /* Views */,
			);
			name = Dashboard;
			sourceTree = "<group>";
		};
		058A0ECE1FF7C4EE00147238 /* Views */ = {
			isa = PBXGroup;
			children = (
				058A0ED11FF7C50400147238 /* DashboardMyAppsTableViewCell.swift */,
			);
			name = Views;
			sourceTree = "<group>";
		};
		058A0ECF1FF7C4F200147238 /* Data Controller */ = {
			isa = PBXGroup;
			children = (
			);
			name = "Data Controller";
			sourceTree = "<group>";
		};
		058A0ED01FF7C4F800147238 /* View Controllers */ = {
			isa = PBXGroup;
			children = (
				058A0ED31FF7C50D00147238 /* DashboardViewController.swift */,
			);
			name = "View Controllers";
			sourceTree = "<group>";
		};
		058A0ED51FF7C9E400147238 /* Conversations Module */ = {
			isa = PBXGroup;
			children = (
				058A0ED81FF7CA0500147238 /* View Controllers */,
				058A0ED71FF7C9FC00147238 /* Data Controller */,
				058A0ED61FF7C9F800147238 /* Views */,
			);
			name = "Conversations Module";
			sourceTree = "<group>";
		};
		058A0ED61FF7C9F800147238 /* Views */ = {
			isa = PBXGroup;
			children = (
				058A0EDB1FF7CA4800147238 /* ConversationListTableViewCell.swift */,
				5E184EC41FF8A6210000D7C7 /* MembersTableViewCell.swift */,
				5E3A046F2007C302004EE2D7 /* SentMessageTableViewCell.swift */,
				5E3A04712007C313004EE2D7 /* ReceivedMessageTableViewCell.swift */,
				0531A57C2007EA4200F2232C /* FilterSectionTableViewCell.swift */,
				0531A57E2007EA5100F2232C /* FilterOptionTableViewCell.swift */,
			);
			name = Views;
			sourceTree = "<group>";
		};
		058A0ED71FF7C9FC00147238 /* Data Controller */ = {
			isa = PBXGroup;
			children = (
				05501F93201D316600831A08 /* ConversationsDataController.swift */,
			);
			name = "Data Controller";
			sourceTree = "<group>";
		};
		058A0ED81FF7CA0500147238 /* View Controllers */ = {
			isa = PBXGroup;
			children = (
				05A7A8FA1FF7FEEC00472A60 /* NewConversationViewController.swift */,
				058A0ED91FF7CA2D00147238 /* ConversationsListViewController.swift */,
				05A7A8FE1FF80B7700472A60 /* SelectUserViewController.swift */,
				05A7A9001FF8159F00472A60 /* ConversationInfoViewController.swift */,
				5E3A046D2007A64D004EE2D7 /* ConversationDetailViewController.swift */,
				0531A57A2007E1F900F2232C /* FilterViewController.swift */,
			);
			name = "View Controllers";
			sourceTree = "<group>";
		};
		05A569812017B71600C6F713 /* Libraries */ = {
			isa = PBXGroup;
			children = (
				5E2D374B202091290013A138 /* PullUpRefreshControl */,
				05A569842017B73800C6F713 /* Alamofire + Object Mapper */,
				05A569832017B72F00C6F713 /* Object Mapper */,
				05A569822017B72800C6F713 /* Alamofire */,
			);
			path = Libraries;
			sourceTree = "<group>";
		};
		05A569822017B72800C6F713 /* Alamofire */ = {
			isa = PBXGroup;
			children = (
				5E2D3744202066CF0013A138 /* AFIError.swift */,
				05A569872017B74900C6F713 /* AFError.swift */,
				05A569932017B74A00C6F713 /* Alamofire.swift */,
				05A569912017B74A00C6F713 /* DispatchQueue+Alamofire.swift */,
				05A569902017B74A00C6F713 /* MultipartFormData.swift */,
				05A569882017B74900C6F713 /* NetworkReachabilityManager.swift */,
				05A5698A2017B74900C6F713 /* Notifications.swift */,
				05A5698C2017B74900C6F713 /* ParameterEncoding.swift */,
				05A5698D2017B74A00C6F713 /* Request.swift */,
				05A569952017B74A00C6F713 /* Response.swift */,
				05A569852017B74800C6F713 /* ResponseSerialization.swift */,
				05A5698E2017B74A00C6F713 /* Result.swift */,
				05A5698B2017B74900C6F713 /* ServerTrustPolicy.swift */,
				05A569892017B74900C6F713 /* SessionDelegate.swift */,
				05A569942017B74A00C6F713 /* SessionManager.swift */,
				05A569922017B74A00C6F713 /* TaskDelegate.swift */,
				05A569862017B74900C6F713 /* Timeline.swift */,
				05A5698F2017B74A00C6F713 /* Validation.swift */,
				5E2D373A2020667F0013A138 /* Image.swift */,
				5E2D37372020667D0013A138 /* ImageCache.swift */,
				5E2D37352020667C0013A138 /* ImageDownloader.swift */,
				5E2D37342020667C0013A138 /* ImageFilter.swift */,
				5E2D373B2020667F0013A138 /* Request+AlamofireImage.swift */,
				5E2D37362020667D0013A138 /* UIButton+AlamofireImage.swift */,
				5E2D37382020667E0013A138 /* UIImage+AlamofireImage.swift */,
				5E2D37392020667E0013A138 /* UIImageView+AlamofireImage.swift */,
			);
			path = Alamofire;
			sourceTree = "<group>";
		};
		05A569832017B72F00C6F713 /* Object Mapper */ = {
			isa = PBXGroup;
			children = (
				05A569B12017B7B100C6F713 /* CustomDateFormatTransform.swift */,
				05A569AF2017B7B000C6F713 /* DataTransform.swift */,
				05A569B42017B7B100C6F713 /* DateFormatterTransform.swift */,
				05A569BB2017B7B200C6F713 /* DateTransform.swift */,
				05A569A92017B7B000C6F713 /* DictionaryTransform.swift */,
				05A569AA2017B7B000C6F713 /* EnumOperators.swift */,
				05A569B92017B7B200C6F713 /* EnumTransform.swift */,
				05A569B62017B7B100C6F713 /* FromJSON.swift */,
				05A569A72017B7B000C6F713 /* HexColorTransform.swift */,
				05A569AC2017B7B000C6F713 /* ImmutableMappable.swift */,
				05A569AE2017B7B000C6F713 /* IntegerOperators.swift */,
				05A569B52017B7B100C6F713 /* ISO8601DateTransform.swift */,
				05A569AB2017B7B000C6F713 /* Map.swift */,
				05A569B82017B7B200C6F713 /* MapError.swift */,
				05A569BC2017B7B200C6F713 /* Mappable.swift */,
				05A569B72017B7B100C6F713 /* Mapper.swift */,
				05A569A82017B7B000C6F713 /* NSDecimalNumberTransform.swift */,
				05A569BD2017B7B300C6F713 /* Operators.swift */,
				05A569B02017B7B100C6F713 /* ToJSON.swift */,
				05A569B22017B7B100C6F713 /* TransformOf.swift */,
				05A569BA2017B7B200C6F713 /* TransformOperators.swift */,
				05A569B32017B7B100C6F713 /* TransformType.swift */,
				05A569AD2017B7B000C6F713 /* URLTransform.swift */,
			);
			path = "Object Mapper";
			sourceTree = "<group>";
		};
		05A569842017B73800C6F713 /* Alamofire + Object Mapper */ = {
			isa = PBXGroup;
			children = (
				05A569D52017B7C300C6F713 /* AlamofireObjectMapper.swift */,
			);
			path = "Alamofire + Object Mapper";
			sourceTree = "<group>";
		};
		5E183E971FF37A5700368DE1 /* Approve Reject Application Module */ = {
			isa = PBXGroup;
			children = (
				5E183EA21FF3F96100368DE1 /* Views */,
				5E183E991FF37B2B00368DE1 /* Data Controllers */,
				5E183E981FF37B2200368DE1 /* View Controllers */,
			);
			name = "Approve Reject Application Module";
			sourceTree = "<group>";
		};
		5E183E981FF37B2200368DE1 /* View Controllers */ = {
			isa = PBXGroup;
			children = (
				5E183E9A1FF37B7C00368DE1 /* RejectApplicationViewController.swift */,
				5E183EA01FF3CA4800368DE1 /* DocumentDetailsViewController.swift */,
				5E18AE381FF8092E007AA461 /* ApprovalVerificationViewController.swift */,
				5E18AE411FF81B45007AA461 /* AttachmentsViewController.swift */,
				5E18AE431FF81B59007AA461 /* DocumentViewController.swift */,
				05A7A8FC1FF802BC00472A60 /* ApprovalsViewController.swift */,
			);
			name = "View Controllers";
			sourceTree = "<group>";
		};
		5E183E991FF37B2B00368DE1 /* Data Controllers */ = {
			isa = PBXGroup;
			children = (
			);
			name = "Data Controllers";
			sourceTree = "<group>";
		};
		5E183EA21FF3F96100368DE1 /* Views */ = {
			isa = PBXGroup;
			children = (
				5E183EA31FF3F97600368DE1 /* PeopleListTableViewCell.swift */,
				5E18AE3F1FF818FC007AA461 /* SendPeopleListTableViewCell.swift */,
				5E18AE451FF8238A007AA461 /* AttachmentsTableViewCell.swift */,
				0575623B200AB33A0010CBB1 /* PendingApprovalsTableViewCell.swift */,
				05CC51C220123AAA00EA6D55 /* ApprovalSectionCollectionViewCell.swift */,
			);
			name = Views;
			sourceTree = "<group>";
		};
		5E184EC61FF8A8320000D7C7 /* TabBarController */ = {
			isa = PBXGroup;
			children = (
				5E184EC71FF8A8590000D7C7 /* TabBarController.swift */,
			);
			name = TabBarController;
			sourceTree = "<group>";
		};
		5E1A8D0E201C78DF00BFAF10 /* Reachability */ = {
			isa = PBXGroup;
			children = (
				5E1A8D0C201C78D600BFAF10 /* Reachability.swift */,
			);
			name = Reachability;
			sourceTree = "<group>";
		};
		5E1B6CFB1FED2AB900C307B3 /* Xibs */ = {
			isa = PBXGroup;
			children = (
				5E1B6CFC1FED2C8500C307B3 /* CustomPickerView.xib */,
				5E1A8D08201C6A6300BFAF10 /* RetryView.xib */,
			);
			name = Xibs;
			sourceTree = "<group>";
		};
		5E1C498B1FEA442C007CE624 /* Custom View Classes */ = {
			isa = PBXGroup;
			children = (
				5E1C498C1FEA4455007CE624 /* CustomBrownTextColorLabel.swift */,
				5E1C498E1FEA4468007CE624 /* CustomBlueTextColorLabel.swift */,
				5E1C49991FEA7F30007CE624 /* CustomBrownTextColorTextfield.swift */,
				5E1C49A11FEA84F2007CE624 /* CustomerBrownTextColorButton.swift */,
				5E183E9C1FF385AD00368DE1 /* CustomBrownColorTextView.swift */,
				5E183E9E1FF3887600368DE1 /* CustomBlueTextColorButton.swift */,
				5E1B6D001FED33A800C307B3 /* CustomPickerView.swift */,
				5E18AE3D1FF8113A007AA461 /* CustomBlueBackgroundButton.swift */,
				0531A5782007CCC600F2232C /* CustomRedBackgroundColorButton.swift */,
				5E1E4214200F537800FB46C1 /* PVRadioButtonGroup.swift */,
				5E1E4216200F537F00FB46C1 /* PVRadioButton.swift */,
				5E1A8D0A201C6CD200BFAF10 /* RetryView.swift */,
			);
			name = "Custom View Classes";
			sourceTree = "<group>";
		};
		5E1C499B1FEA8072007CE624 /* Extensions */ = {
			isa = PBXGroup;
			children = (
				5E1C499C1FEA80A1007CE624 /* ViewBorder.swift */,
			);
			name = Extensions;
			sourceTree = "<group>";
		};
		5E1C499E1FEA845B007CE624 /* Base classes */ = {
			isa = PBXGroup;
			children = (
				5E1C499F1FEA847B007CE624 /* BaseViewController.swift */,
				05756239200A34110010CBB1 /* BaseNavigationController.swift */,
			);
			name = "Base classes";
			sourceTree = "<group>";
		};
		5E20CD861FE952BE004ACE0D = {
			isa = PBXGroup;
			children = (
				5E20CD911FE952BE004ACE0D /* mNet */,
				5E20CD901FE952BE004ACE0D /* Products */,
				5E21B320200F40660045CDA3 /* Frameworks */,
			);
			sourceTree = "<group>";
		};
		5E20CD901FE952BE004ACE0D /* Products */ = {
			isa = PBXGroup;
			children = (
				5E20CD8F1FE952BE004ACE0D /* mNet.app */,
			);
			name = Products;
			sourceTree = "<group>";
		};
		5E20CD911FE952BE004ACE0D /* mNet */ = {
			isa = PBXGroup;
			children = (
				5E1C49911FEA45F6007CE624 /* Constants.swift */,
				5E20CD921FE952BE004ACE0D /* AppDelegate.swift */,
				5E1A8D0E201C78DF00BFAF10 /* Reachability */,
				5EF31C84201B5D62007727D8 /* Wrappers */,
				05A569812017B71600C6F713 /* Libraries */,
				5E184EC61FF8A8320000D7C7 /* TabBarController */,
				5EC300631FEC0A6100229516 /* Models */,
				5E1C499E1FEA845B007CE624 /* Base classes */,
				5E1C499B1FEA8072007CE624 /* Extensions */,
				5E1C498B1FEA442C007CE624 /* Custom View Classes */,
				058A0E8B1FF7C4AA00147238 /* Login Module */,
				058A0ECD1FF7C4E800147238 /* Dashboard */,
				058A0ED51FF7C9E400147238 /* Conversations Module */,
				5E183E971FF37A5700368DE1 /* Approve Reject Application Module */,
				5E37E4CF2012016B00088001 /* Notification Module */,
				5E20CDBD1FE971FD004ACE0D /* Settings Module */,
				5E21A6F21FF28CF000DBB157 /* Profile Module */,
				5E1B6CFB1FED2AB900C307B3 /* Xibs */,
				5E20CDBA1FE9718F004ACE0D /* Storyboards */,
				5E20CDB71FE96A7D004ACE0D /* Default Images */,
				5E20CDA41FE96204004ACE0D /* Font */,
				5E20CD991FE952BE004ACE0D /* Assets.xcassets */,
				5E20CD9E1FE952BE004ACE0D /* Info.plist */,
			);
			path = mNet;
			sourceTree = "<group>";
		};
		5E20CDA41FE96204004ACE0D /* Font */ = {
			isa = PBXGroup;
			children = (
				5E20CDA51FE9621A004ACE0D /* SanFranciscoDisplay-Black.otf */,
				5E20CDA61FE9621A004ACE0D /* SanFranciscoDisplay-Bold.otf */,
				5E20CDA71FE9621A004ACE0D /* SanFranciscoDisplay-Heavy.otf */,
				5E20CDA81FE9621A004ACE0D /* SanFranciscoDisplay-Light.otf */,
				5E20CDA91FE9621A004ACE0D /* SanFranciscoDisplay-Medium.otf */,
				5E20CDAA1FE9621A004ACE0D /* SanFranciscoDisplay-Regular.otf */,
				5E20CDAB1FE9621A004ACE0D /* SanFranciscoDisplay-Semibold.otf */,
				5E20CDAC1FE9621A004ACE0D /* SanFranciscoDisplay-Thin.otf */,
				5E20CDAD1FE9621A004ACE0D /* SanFranciscoDisplay-Ultralight.otf */,
			);
			name = Font;
			sourceTree = "<group>";
		};
		5E20CDB71FE96A7D004ACE0D /* Default Images */ = {
			isa = PBXGroup;
			children = (
			);
			name = "Default Images";
			sourceTree = "<group>";
		};
		5E20CDBA1FE9718F004ACE0D /* Storyboards */ = {
			isa = PBXGroup;
			children = (
				058A0E4B1FF7C44D00147238 /* Login.storyboard */,
				5E20CDBB1FE971A7004ACE0D /* Settings.storyboard */,
				5E21A6F01FF28CA100DBB157 /* Profile.storyboard */,
				5E20CD9B1FE952BE004ACE0D /* LaunchScreen.storyboard */,
				5E183E951FF3791D00368DE1 /* ApproveReject.storyboard */,
				5E18AE471FF82E0E007AA461 /* TabBar.storyboard */,
				5E18AE491FF82F94007AA461 /* Conversation.storyboard */,
				5E18AE4B1FF82FA3007AA461 /* Dashboard.storyboard */,
				5E37E4CD2012004100088001 /* Notifications.storyboard */,
			);
			name = Storyboards;
			sourceTree = "<group>";
		};
		5E20CDBD1FE971FD004ACE0D /* Settings Module */ = {
			isa = PBXGroup;
			children = (
				5E20CDC01FE9721B004ACE0D /* Views */,
				5E20CDBF1FE97212004ACE0D /* Data Controllers */,
				5E20CDBE1FE9720A004ACE0D /* View Controllers */,
			);
			name = "Settings Module";
			sourceTree = "<group>";
		};
		5E20CDBE1FE9720A004ACE0D /* View Controllers */ = {
			isa = PBXGroup;
			children = (
				5E20CDC11FE9724A004ACE0D /* SettingsViewController.swift */,
				5E1C49931FEA494B007CE624 /* PrivacySettingsViewController.swift */,
				5E1C49951FEA4EB8007CE624 /* EmailPreferencesViewController.swift */,
				5E1C49971FEA73F8007CE624 /* AboutMeViewController.swift */,
				5EC300591FEBEBFA00229516 /* AppSettingsViewController.swift */,
				5E4A8D3C1FF4FB6600086667 /* PeopleViewController.swift */,
			);
			name = "View Controllers";
			sourceTree = "<group>";
		};
		5E20CDBF1FE97212004ACE0D /* Data Controllers */ = {
			isa = PBXGroup;
			children = (
				5EC3005B1FEC002000229516 /* SettingsProfileDataController.swift */,
				5E1A8D13201E24AD00BFAF10 /* AboutMeDataController.swift */,
				5EEFC9C02021E84900648F17 /* PeopleDataController.swift */,
			);
			name = "Data Controllers";
			sourceTree = "<group>";
		};
		5E20CDC01FE9721B004ACE0D /* Views */ = {
			isa = PBXGroup;
			children = (
				5EC3005D1FEC03FE00229516 /* SettingOptionsTableViewCell.swift */,
				5EC300641FEC106600229516 /* PrivacySettingOptionTableViewCell.swift */,
				5E4A8D3A1FF4FB4900086667 /* PeopleTableViewCell.swift */,
			);
			name = Views;
			sourceTree = "<group>";
		};
		5E21A6F21FF28CF000DBB157 /* Profile Module */ = {
			isa = PBXGroup;
			children = (
				5E4A8D391FF4FB0400086667 /* Views */,
				5E4A8D381FF4FAF600086667 /* Data Controller */,
				5E21A6F31FF28E2200DBB157 /* View Controllers */,
			);
			name = "Profile Module";
			sourceTree = "<group>";
		};
		5E21A6F31FF28E2200DBB157 /* View Controllers */ = {
			isa = PBXGroup;
			children = (
				5E21A6F41FF28E4700DBB157 /* ProfileViewController.swift */,
			);
			name = "View Controllers";
			sourceTree = "<group>";
		};
		5E21B320200F40660045CDA3 /* Frameworks */ = {
			isa = PBXGroup;
			children = (
				5E21B325200F40930045CDA3 /* UIKit.framework */,
				5E21B323200F40820045CDA3 /* Foundation.framework */,
				5E21B321200F40660045CDA3 /* CoreGraphics.framework */,
			);
			name = Frameworks;
			sourceTree = "<group>";
		};
		5E2D374B202091290013A138 /* PullUpRefreshControl */ = {
			isa = PBXGroup;
			children = (
				5E2D374C2020929A0013A138 /* KRPullLoader.swift */,
				5E2D374D2020929A0013A138 /* KRPullLoadView.swift */,
				5E2D374E2020929A0013A138 /* UIScrollViewExtensions.swift */,
			);
			path = PullUpRefreshControl;
			sourceTree = "<group>";
		};
		5E37E4CF2012016B00088001 /* Notification Module */ = {
			isa = PBXGroup;
			children = (
				5E37E4D22012019000088001 /* Data Controller */,
				5E37E4D12012018500088001 /* Views */,
				5E37E4D02012017C00088001 /* View Controllers */,
			);
			name = "Notification Module";
			sourceTree = "<group>";
		};
		5E37E4D02012017C00088001 /* View Controllers */ = {
			isa = PBXGroup;
			children = (
				5E37E4D3201204BC00088001 /* NotificationsViewController.swift */,
			);
			name = "View Controllers";
			sourceTree = "<group>";
		};
		5E37E4D12012018500088001 /* Views */ = {
			isa = PBXGroup;
			children = (
				5E37E4D52012050200088001 /* NotificationTableViewCell.swift */,
			);
			name = Views;
			sourceTree = "<group>";
		};
		5E37E4D22012019000088001 /* Data Controller */ = {
			isa = PBXGroup;
			children = (
				5E2D37542020A16F0013A138 /* NotificationDataController.swift */,
			);
			name = "Data Controller";
			sourceTree = "<group>";
		};
		5E4A8D381FF4FAF600086667 /* Data Controller */ = {
			isa = PBXGroup;
			children = (
				5E1A8D11201E221600BFAF10 /* ProfileDataController.swift */,
			);
			name = "Data Controller";
			sourceTree = "<group>";
		};
		5E4A8D391FF4FB0400086667 /* Views */ = {
			isa = PBXGroup;
			children = (
			);
			name = Views;
			sourceTree = "<group>";
		};
		5EC300631FEC0A6100229516 /* Models */ = {
			isa = PBXGroup;
			children = (
				5EC300611FEC0A5A00229516 /* SettingOption.swift */,
				5EF31C82201B57E9007727D8 /* Settings.swift */,
				5EF31C89201B6231007727D8 /* Profile.swift */,
				05501F87201D10F300831A08 /* Conversation.swift */,
				05501F91201D2ABC00831A08 /* ConversationMember.swift */,
				05501F8F201D262C00831A08 /* ConversationReply.swift */,
				05501F89201D119B00831A08 /* User.swift */,
				5E2D3746202087BD0013A138 /* People.swift */,
				5E2D3748202087D50013A138 /* NotificationObject.swift */,
			);
			name = Models;
			sourceTree = "<group>";
		};
		5EF31C84201B5D62007727D8 /* Wrappers */ = {
			isa = PBXGroup;
			children = (
				5EF31C85201B5E93007727D8 /* WrapperManager.swift */,
				5EF31C87201B5F18007727D8 /* SettingsWrapper.swift */,
				5E1A8D06201C49C700BFAF10 /* LoginWrapper.swift */,
				05501F85201D10AA00831A08 /* ConversationsWrapper.swift */,
				5E1A8D0F201DF57400BFAF10 /* ProfileWrapper.swift */,
				5E2D375220209DB60013A138 /* NotificationWrapper.swift */,
				5EEFC9BE2021E5C200648F17 /* PeopleWrapper.swift */,
			);
			name = Wrappers;
			sourceTree = "<group>";
		};
/* End PBXGroup section */

/* Begin PBXNativeTarget section */
		5E20CD8E1FE952BE004ACE0D /* mNet */ = {
			isa = PBXNativeTarget;
			buildConfigurationList = 5E20CDA11FE952BE004ACE0D /* Build configuration list for PBXNativeTarget "mNet" */;
			buildPhases = (
				5E20CD8B1FE952BE004ACE0D /* Sources */,
				5E20CD8C1FE952BE004ACE0D /* Frameworks */,
				5E20CD8D1FE952BE004ACE0D /* Resources */,
			);
			buildRules = (
			);
			dependencies = (
			);
			name = mNet;
			productName = mNet;
			productReference = 5E20CD8F1FE952BE004ACE0D /* mNet.app */;
			productType = "com.apple.product-type.application";
		};
/* End PBXNativeTarget section */

/* Begin PBXProject section */
		5E20CD871FE952BE004ACE0D /* Project object */ = {
			isa = PBXProject;
			attributes = {
				LastSwiftUpdateCheck = 0830;
				LastUpgradeCheck = 0920;
				ORGANIZATIONNAME = mNet;
				TargetAttributes = {
					5E20CD8E1FE952BE004ACE0D = {
						CreatedOnToolsVersion = 8.3.3;
						DevelopmentTeam = 3J7U28GXGW;
						LastSwiftMigration = 0920;
						ProvisioningStyle = Manual;
					};
				};
			};
			buildConfigurationList = 5E20CD8A1FE952BE004ACE0D /* Build configuration list for PBXProject "mNet" */;
			compatibilityVersion = "Xcode 3.2";
			developmentRegion = English;
			hasScannedForEncodings = 0;
			knownRegions = (
				en,
				Base,
			);
			mainGroup = 5E20CD861FE952BE004ACE0D;
			productRefGroup = 5E20CD901FE952BE004ACE0D /* Products */;
			projectDirPath = "";
			projectRoot = "";
			targets = (
				5E20CD8E1FE952BE004ACE0D /* mNet */,
			);
		};
/* End PBXProject section */

/* Begin PBXResourcesBuildPhase section */
		5E20CD8D1FE952BE004ACE0D /* Resources */ = {
			isa = PBXResourcesBuildPhase;
			buildActionMask = 2147483647;
			files = (
				058A0E4C1FF7C44D00147238 /* Login.storyboard in Resources */,
				5E37E4CE2012004100088001 /* Notifications.storyboard in Resources */,
				5E20CDB41FE962F2004ACE0D /* SanFranciscoDisplay-Semibold.otf in Resources */,
				5E20CD9D1FE952BE004ACE0D /* LaunchScreen.storyboard in Resources */,
				5E20CD9A1FE952BE004ACE0D /* Assets.xcassets in Resources */,
				5E183E961FF3791D00368DE1 /* ApproveReject.storyboard in Resources */,
				5E20CDAE1FE962E1004ACE0D /* SanFranciscoDisplay-Black.otf in Resources */,
				5E18AE4C1FF82FA4007AA461 /* Dashboard.storyboard in Resources */,
				5E20CDB21FE962EC004ACE0D /* SanFranciscoDisplay-Medium.otf in Resources */,
				5E20CDB51FE962F4004ACE0D /* SanFranciscoDisplay-Thin.otf in Resources */,
				5E20CDB01FE962E7004ACE0D /* SanFranciscoDisplay-Heavy.otf in Resources */,
				5E18AE4A1FF82F94007AA461 /* Conversation.storyboard in Resources */,
				5E1B6CFD1FED2C8500C307B3 /* CustomPickerView.xib in Resources */,
				5E1A8D09201C6A6300BFAF10 /* RetryView.xib in Resources */,
				5E20CDB31FE962F0004ACE0D /* SanFranciscoDisplay-Regular.otf in Resources */,
				5E20CDAF1FE962E4004ACE0D /* SanFranciscoDisplay-Bold.otf in Resources */,
				5E20CDB61FE962F7004ACE0D /* SanFranciscoDisplay-Ultralight.otf in Resources */,
				5E20CDBC1FE971A7004ACE0D /* Settings.storyboard in Resources */,
				5E21A6F11FF28CA100DBB157 /* Profile.storyboard in Resources */,
				5E18AE481FF82E0E007AA461 /* TabBar.storyboard in Resources */,
				5E20CDB11FE962EA004ACE0D /* SanFranciscoDisplay-Light.otf in Resources */,
			);
			runOnlyForDeploymentPostprocessing = 0;
		};
/* End PBXResourcesBuildPhase section */

/* Begin PBXSourcesBuildPhase section */
		5E20CD8B1FE952BE004ACE0D /* Sources */ = {
			isa = PBXSourcesBuildPhase;
			buildActionMask = 2147483647;
			files = (
				0575623A200A34110010CBB1 /* BaseNavigationController.swift in Sources */,
				058A0ECC1FF7C4DD00147238 /* LoginViewController.swift in Sources */,
				5EC3005C1FEC002000229516 /* SettingsProfileDataController.swift in Sources */,
				5E18AE391FF8092E007AA461 /* ApprovalVerificationViewController.swift in Sources */,
				5E18AE401FF818FC007AA461 /* SendPeopleListTableViewCell.swift in Sources */,
				05A569CB2017B7B300C6F713 /* DateFormatterTransform.swift in Sources */,
				5E1C49961FEA4EB8007CE624 /* EmailPreferencesViewController.swift in Sources */,
				5E37E4D62012050200088001 /* NotificationTableViewCell.swift in Sources */,
				05A5699D2017B74B00C6F713 /* ParameterEncoding.swift in Sources */,
				05A7A8FD1FF802BC00472A60 /* ApprovalsViewController.swift in Sources */,
				5E2D373E2020667F0013A138 /* UIButton+AlamofireImage.swift in Sources */,
				5E1C49941FEA494B007CE624 /* PrivacySettingsViewController.swift in Sources */,
				0531A57B2007E1F900F2232C /* FilterViewController.swift in Sources */,
				5E1C49A01FEA847B007CE624 /* BaseViewController.swift in Sources */,
				5E1A8D12201E221600BFAF10 /* ProfileDataController.swift in Sources */,
				5EEFC9C12021E84900648F17 /* PeopleDataController.swift in Sources */,
				5E2D37412020667F0013A138 /* UIImageView+AlamofireImage.swift in Sources */,
				5E18AE3E1FF8113A007AA461 /* CustomBlueBackgroundButton.swift in Sources */,
				5E183E9B1FF37B7C00368DE1 /* RejectApplicationViewController.swift in Sources */,
				5E2D374F2020929A0013A138 /* KRPullLoader.swift in Sources */,
				5E3A04702007C302004EE2D7 /* SentMessageTableViewCell.swift in Sources */,
				5EEFC9BF2021E5C300648F17 /* PeopleWrapper.swift in Sources */,
				5E2D3747202087BD0013A138 /* People.swift in Sources */,
				5E1C498D1FEA4455007CE624 /* CustomBrownTextColorLabel.swift in Sources */,
				5E2D373F2020667F0013A138 /* ImageCache.swift in Sources */,
				5E18AE461FF8238A007AA461 /* AttachmentsTableViewCell.swift in Sources */,
				05A569D62017B7C300C6F713 /* AlamofireObjectMapper.swift in Sources */,
				5E184EC81FF8A8590000D7C7 /* TabBarController.swift in Sources */,
				05A569BE2017B7B300C6F713 /* HexColorTransform.swift in Sources */,
				5E2D37422020667F0013A138 /* Image.swift in Sources */,
				05A569982017B74B00C6F713 /* AFError.swift in Sources */,
				0531A5792007CCC600F2232C /* CustomRedBackgroundColorButton.swift in Sources */,
				05501F94201D316600831A08 /* ConversationsDataController.swift in Sources */,
				058A0EDC1FF7CA4800147238 /* ConversationListTableViewCell.swift in Sources */,
				05A569C52017B7B300C6F713 /* IntegerOperators.swift in Sources */,
				05A569A32017B74B00C6F713 /* TaskDelegate.swift in Sources */,
				05501F90201D262C00831A08 /* ConversationReply.swift in Sources */,
				05A7A8FF1FF80B7700472A60 /* SelectUserViewController.swift in Sources */,
				5EF31C86201B5E93007727D8 /* WrapperManager.swift in Sources */,
				5E1A8D14201E24AD00BFAF10 /* AboutMeDataController.swift in Sources */,
				5E2D3749202087D50013A138 /* NotificationObject.swift in Sources */,
				05A569A22017B74B00C6F713 /* DispatchQueue+Alamofire.swift in Sources */,
				5E1C499A1FEA7F30007CE624 /* CustomBrownTextColorTextfield.swift in Sources */,
				5E3A046E2007A64D004EE2D7 /* ConversationDetailViewController.swift in Sources */,
				5E2D37402020667F0013A138 /* UIImage+AlamofireImage.swift in Sources */,
				0575623C200AB33A0010CBB1 /* PendingApprovalsTableViewCell.swift in Sources */,
				05501F8A201D119B00831A08 /* User.swift in Sources */,
				5E183EA11FF3CA4800368DE1 /* DocumentDetailsViewController.swift in Sources */,
				05A569A02017B74B00C6F713 /* Validation.swift in Sources */,
				05A569C92017B7B300C6F713 /* TransformOf.swift in Sources */,
				05A5699F2017B74B00C6F713 /* Result.swift in Sources */,
				05A569C72017B7B300C6F713 /* ToJSON.swift in Sources */,
				5E1E4215200F537800FB46C1 /* PVRadioButtonGroup.swift in Sources */,
				5EC300621FEC0A5A00229516 /* SettingOption.swift in Sources */,
				05A569A52017B74B00C6F713 /* SessionManager.swift in Sources */,
				05A569CA2017B7B300C6F713 /* TransformType.swift in Sources */,
				5E3A04722007C313004EE2D7 /* ReceivedMessageTableViewCell.swift in Sources */,
				0531A57F2007EA5100F2232C /* FilterOptionTableViewCell.swift in Sources */,
				5E1A8D0B201C6CD200BFAF10 /* RetryView.swift in Sources */,
				5E20CD931FE952BE004ACE0D /* AppDelegate.swift in Sources */,
				05A569A12017B74B00C6F713 /* MultipartFormData.swift in Sources */,
				05A569D32017B7B300C6F713 /* Mappable.swift in Sources */,
				05A569962017B74B00C6F713 /* ResponseSerialization.swift in Sources */,
				058A0EDA1FF7CA2D00147238 /* ConversationsListViewController.swift in Sources */,
				5E1E4217200F537F00FB46C1 /* PVRadioButton.swift in Sources */,
				5E1A8D07201C49C700BFAF10 /* LoginWrapper.swift in Sources */,
				5E1C498F1FEA4468007CE624 /* CustomBlueTextColorLabel.swift in Sources */,
				5E21A6F51FF28E4700DBB157 /* ProfileViewController.swift in Sources */,
				05A569C82017B7B300C6F713 /* CustomDateFormatTransform.swift in Sources */,
				5E2D37502020929A0013A138 /* KRPullLoadView.swift in Sources */,
				05A569A62017B74B00C6F713 /* Response.swift in Sources */,
				5E20CDC21FE9724A004ACE0D /* SettingsViewController.swift in Sources */,
				05501F92201D2ABC00831A08 /* ConversationMember.swift in Sources */,
				05A569D02017B7B300C6F713 /* EnumTransform.swift in Sources */,
				05A569A42017B74B00C6F713 /* Alamofire.swift in Sources */,
				05A5699E2017B74B00C6F713 /* Request.swift in Sources */,
				058A0ED21FF7C50400147238 /* DashboardMyAppsTableViewCell.swift in Sources */,
				5E2D375320209DB60013A138 /* NotificationWrapper.swift in Sources */,
				05A7A9011FF815A000472A60 /* ConversationInfoViewController.swift in Sources */,
				5EC3005A1FEBEBFA00229516 /* AppSettingsViewController.swift in Sources */,
				05501F86201D10AA00831A08 /* ConversationsWrapper.swift in Sources */,
				05A7A8FB1FF7FEEC00472A60 /* NewConversationViewController.swift in Sources */,
				5E1C499D1FEA80A1007CE624 /* ViewBorder.swift in Sources */,
				05A569CE2017B7B300C6F713 /* Mapper.swift in Sources */,
				5E1C49981FEA73F8007CE624 /* AboutMeViewController.swift in Sources */,
				5E183E9F1FF3887600368DE1 /* CustomBlueTextColorButton.swift in Sources */,
				5EF31C83201B57E9007727D8 /* Settings.swift in Sources */,
				05CC51C320123AAA00EA6D55 /* ApprovalSectionCollectionViewCell.swift in Sources */,
				5E18AE441FF81B59007AA461 /* DocumentViewController.swift in Sources */,
				5E2D37552020A16F0013A138 /* NotificationDataController.swift in Sources */,
				5EC3005E1FEC03FE00229516 /* SettingOptionsTableViewCell.swift in Sources */,
				058A0ED41FF7C50D00147238 /* DashboardViewController.swift in Sources */,
				5E184EC51FF8A6210000D7C7 /* MembersTableViewCell.swift in Sources */,
				05A569CD2017B7B300C6F713 /* FromJSON.swift in Sources */,
				5E1C49921FEA45F6007CE624 /* Constants.swift in Sources */,
				5E4A8D3D1FF4FB6600086667 /* PeopleViewController.swift in Sources */,
				05A569C22017B7B300C6F713 /* Map.swift in Sources */,
				05A569972017B74B00C6F713 /* Timeline.swift in Sources */,
				05A569BF2017B7B300C6F713 /* NSDecimalNumberTransform.swift in Sources */,
				5E1B6D011FED33A800C307B3 /* CustomPickerView.swift in Sources */,
				05A569C42017B7B300C6F713 /* URLTransform.swift in Sources */,
				05A569C12017B7B300C6F713 /* EnumOperators.swift in Sources */,
				05A569C02017B7B300C6F713 /* DictionaryTransform.swift in Sources */,
				5E37E4D4201204BC00088001 /* NotificationsViewController.swift in Sources */,
				05A569C32017B7B300C6F713 /* ImmutableMappable.swift in Sources */,
				5E4A8D3B1FF4FB4900086667 /* PeopleTableViewCell.swift in Sources */,
				5E1A8D10201DF57400BFAF10 /* ProfileWrapper.swift in Sources */,
				05A569D12017B7B300C6F713 /* TransformOperators.swift in Sources */,
				5EF31C8A201B6231007727D8 /* Profile.swift in Sources */,
				5E2D373C2020667F0013A138 /* ImageFilter.swift in Sources */,
				05A569D22017B7B300C6F713 /* DateTransform.swift in Sources */,
				0531A57D2007EA4200F2232C /* FilterSectionTableViewCell.swift in Sources */,
				5E2D37432020667F0013A138 /* Request+AlamofireImage.swift in Sources */,
				5E18AE421FF81B45007AA461 /* AttachmentsViewController.swift in Sources */,
				5E2D3745202066D00013A138 /* AFIError.swift in Sources */,
				5EF31C88201B5F18007727D8 /* SettingsWrapper.swift in Sources */,
				05A569D42017B7B300C6F713 /* Operators.swift in Sources */,
				5E183EA41FF3F97600368DE1 /* PeopleListTableViewCell.swift in Sources */,
				05A569CC2017B7B300C6F713 /* ISO8601DateTransform.swift in Sources */,
				5E2D37512020929A0013A138 /* UIScrollViewExtensions.swift in Sources */,
				05A5699B2017B74B00C6F713 /* Notifications.swift in Sources */,
				5E2D373D2020667F0013A138 /* ImageDownloader.swift in Sources */,
				05A5699A2017B74B00C6F713 /* SessionDelegate.swift in Sources */,
				05A569CF2017B7B300C6F713 /* MapError.swift in Sources */,
				5E1A8D0D201C78D600BFAF10 /* Reachability.swift in Sources */,
				05A569C62017B7B300C6F713 /* DataTransform.swift in Sources */,
				05A5699C2017B74B00C6F713 /* ServerTrustPolicy.swift in Sources */,
				5E183E9D1FF385AD00368DE1 /* CustomBrownColorTextView.swift in Sources */,
				05501F88201D10F300831A08 /* Conversation.swift in Sources */,
				05A569992017B74B00C6F713 /* NetworkReachabilityManager.swift in Sources */,
				5EC300651FEC106600229516 /* PrivacySettingOptionTableViewCell.swift in Sources */,
				5E1C49A21FEA84F2007CE624 /* CustomerBrownTextColorButton.swift in Sources */,
			);
			runOnlyForDeploymentPostprocessing = 0;
		};
/* End PBXSourcesBuildPhase section */

/* Begin PBXVariantGroup section */
		5E20CD9B1FE952BE004ACE0D /* LaunchScreen.storyboard */ = {
			isa = PBXVariantGroup;
			children = (
				5E20CD9C1FE952BE004ACE0D /* Base */,
			);
			name = LaunchScreen.storyboard;
			sourceTree = "<group>";
		};
/* End PBXVariantGroup section */

/* Begin XCBuildConfiguration section */
		5E20CD9F1FE952BE004ACE0D /* Debug */ = {
			isa = XCBuildConfiguration;
			buildSettings = {
				ALWAYS_SEARCH_USER_PATHS = NO;
				CLANG_ANALYZER_NONNULL = YES;
				CLANG_ANALYZER_NUMBER_OBJECT_CONVERSION = YES_AGGRESSIVE;
				CLANG_CXX_LANGUAGE_STANDARD = "gnu++0x";
				CLANG_CXX_LIBRARY = "libc++";
				CLANG_ENABLE_MODULES = YES;
				CLANG_ENABLE_OBJC_ARC = YES;
				CLANG_WARN_BLOCK_CAPTURE_AUTORELEASING = YES;
				CLANG_WARN_BOOL_CONVERSION = YES;
				CLANG_WARN_COMMA = YES;
				CLANG_WARN_CONSTANT_CONVERSION = YES;
				CLANG_WARN_DIRECT_OBJC_ISA_USAGE = YES_ERROR;
				CLANG_WARN_DOCUMENTATION_COMMENTS = YES;
				CLANG_WARN_EMPTY_BODY = YES;
				CLANG_WARN_ENUM_CONVERSION = YES;
				CLANG_WARN_INFINITE_RECURSION = YES;
				CLANG_WARN_INT_CONVERSION = YES;
				CLANG_WARN_NON_LITERAL_NULL_CONVERSION = YES;
				CLANG_WARN_OBJC_LITERAL_CONVERSION = YES;
				CLANG_WARN_OBJC_ROOT_CLASS = YES_ERROR;
				CLANG_WARN_RANGE_LOOP_ANALYSIS = YES;
				CLANG_WARN_STRICT_PROTOTYPES = YES;
				CLANG_WARN_SUSPICIOUS_MOVE = YES;
				CLANG_WARN_UNREACHABLE_CODE = YES;
				CLANG_WARN__DUPLICATE_METHOD_MATCH = YES;
				"CODE_SIGN_IDENTITY[sdk=iphoneos*]" = "iPhone Developer";
				COPY_PHASE_STRIP = NO;
				DEBUG_INFORMATION_FORMAT = dwarf;
				ENABLE_STRICT_OBJC_MSGSEND = YES;
				ENABLE_TESTABILITY = YES;
				GCC_C_LANGUAGE_STANDARD = gnu99;
				GCC_DYNAMIC_NO_PIC = NO;
				GCC_NO_COMMON_BLOCKS = YES;
				GCC_OPTIMIZATION_LEVEL = 0;
				GCC_PREPROCESSOR_DEFINITIONS = (
					"DEBUG=1",
					"$(inherited)",
				);
				GCC_WARN_64_TO_32_BIT_CONVERSION = YES;
				GCC_WARN_ABOUT_RETURN_TYPE = YES_ERROR;
				GCC_WARN_UNDECLARED_SELECTOR = YES;
				GCC_WARN_UNINITIALIZED_AUTOS = YES_AGGRESSIVE;
				GCC_WARN_UNUSED_FUNCTION = YES;
				GCC_WARN_UNUSED_VARIABLE = YES;
				IPHONEOS_DEPLOYMENT_TARGET = 10.3;
				MTL_ENABLE_DEBUG_INFO = YES;
				ONLY_ACTIVE_ARCH = YES;
				SDKROOT = iphoneos;
				SWIFT_ACTIVE_COMPILATION_CONDITIONS = DEBUG;
				SWIFT_OPTIMIZATION_LEVEL = "-Onone";
			};
			name = Debug;
		};
		5E20CDA01FE952BE004ACE0D /* Release */ = {
			isa = XCBuildConfiguration;
			buildSettings = {
				ALWAYS_SEARCH_USER_PATHS = NO;
				CLANG_ANALYZER_NONNULL = YES;
				CLANG_ANALYZER_NUMBER_OBJECT_CONVERSION = YES_AGGRESSIVE;
				CLANG_CXX_LANGUAGE_STANDARD = "gnu++0x";
				CLANG_CXX_LIBRARY = "libc++";
				CLANG_ENABLE_MODULES = YES;
				CLANG_ENABLE_OBJC_ARC = YES;
				CLANG_WARN_BLOCK_CAPTURE_AUTORELEASING = YES;
				CLANG_WARN_BOOL_CONVERSION = YES;
				CLANG_WARN_COMMA = YES;
				CLANG_WARN_CONSTANT_CONVERSION = YES;
				CLANG_WARN_DIRECT_OBJC_ISA_USAGE = YES_ERROR;
				CLANG_WARN_DOCUMENTATION_COMMENTS = YES;
				CLANG_WARN_EMPTY_BODY = YES;
				CLANG_WARN_ENUM_CONVERSION = YES;
				CLANG_WARN_INFINITE_RECURSION = YES;
				CLANG_WARN_INT_CONVERSION = YES;
				CLANG_WARN_NON_LITERAL_NULL_CONVERSION = YES;
				CLANG_WARN_OBJC_LITERAL_CONVERSION = YES;
				CLANG_WARN_OBJC_ROOT_CLASS = YES_ERROR;
				CLANG_WARN_RANGE_LOOP_ANALYSIS = YES;
				CLANG_WARN_STRICT_PROTOTYPES = YES;
				CLANG_WARN_SUSPICIOUS_MOVE = YES;
				CLANG_WARN_UNREACHABLE_CODE = YES;
				CLANG_WARN__DUPLICATE_METHOD_MATCH = YES;
				"CODE_SIGN_IDENTITY[sdk=iphoneos*]" = "iPhone Developer";
				COPY_PHASE_STRIP = NO;
				DEBUG_INFORMATION_FORMAT = "dwarf-with-dsym";
				ENABLE_NS_ASSERTIONS = NO;
				ENABLE_STRICT_OBJC_MSGSEND = YES;
				GCC_C_LANGUAGE_STANDARD = gnu99;
				GCC_NO_COMMON_BLOCKS = YES;
				GCC_WARN_64_TO_32_BIT_CONVERSION = YES;
				GCC_WARN_ABOUT_RETURN_TYPE = YES_ERROR;
				GCC_WARN_UNDECLARED_SELECTOR = YES;
				GCC_WARN_UNINITIALIZED_AUTOS = YES_AGGRESSIVE;
				GCC_WARN_UNUSED_FUNCTION = YES;
				GCC_WARN_UNUSED_VARIABLE = YES;
				IPHONEOS_DEPLOYMENT_TARGET = 10.3;
				MTL_ENABLE_DEBUG_INFO = NO;
				SDKROOT = iphoneos;
				SWIFT_OPTIMIZATION_LEVEL = "-Owholemodule";
				VALIDATE_PRODUCT = YES;
			};
			name = Release;
		};
		5E20CDA21FE952BE004ACE0D /* Debug */ = {
			isa = XCBuildConfiguration;
			buildSettings = {
				ASSETCATALOG_COMPILER_APPICON_NAME = AppIcon;
				"CODE_SIGN_IDENTITY[sdk=iphoneos*]" = "iPhone Developer";
				CODE_SIGN_STYLE = Manual;
				DEVELOPMENT_TEAM = 3J7U28GXGW;
				FRAMEWORK_SEARCH_PATHS = (
					"$(inherited)",
					"$(PROJECT_DIR)/mNet",
				);
				INFOPLIST_FILE = mNet/Info.plist;
				IPHONEOS_DEPLOYMENT_TARGET = 10.0;
				LD_RUNPATH_SEARCH_PATHS = "$(inherited) @executable_path/Frameworks";
				PRODUCT_BUNDLE_IDENTIFIER = com.mediaware.mNet;
				PRODUCT_NAME = "$(TARGET_NAME)";
				PROVISIONING_PROFILE = "452e8e1a-759d-42ec-94ea-ba925d2f9628";
				PROVISIONING_PROFILE_SPECIFIER = mNetDevelopment;
				SWIFT_SWIFT3_OBJC_INFERENCE = On;
				SWIFT_VERSION = 4.0;
			};
			name = Debug;
		};
		5E20CDA31FE952BE004ACE0D /* Release */ = {
			isa = XCBuildConfiguration;
			buildSettings = {
				ASSETCATALOG_COMPILER_APPICON_NAME = AppIcon;
				"CODE_SIGN_IDENTITY[sdk=iphoneos*]" = "iPhone Developer";
				CODE_SIGN_STYLE = Manual;
				DEVELOPMENT_TEAM = 3J7U28GXGW;
				FRAMEWORK_SEARCH_PATHS = (
					"$(inherited)",
					"$(PROJECT_DIR)/mNet",
				);
				INFOPLIST_FILE = mNet/Info.plist;
				IPHONEOS_DEPLOYMENT_TARGET = 10.0;
				LD_RUNPATH_SEARCH_PATHS = "$(inherited) @executable_path/Frameworks";
				PRODUCT_BUNDLE_IDENTIFIER = com.mediaware.mNet;
				PRODUCT_NAME = "$(TARGET_NAME)";
				PROVISIONING_PROFILE = "7825225e-6766-4167-911c-40e3c620daa8";
				PROVISIONING_PROFILE_SPECIFIER = mNetDevelopment;
				SWIFT_SWIFT3_OBJC_INFERENCE = On;
				SWIFT_VERSION = 4.0;
			};
			name = Release;
		};
/* End XCBuildConfiguration section */

/* Begin XCConfigurationList section */
		5E20CD8A1FE952BE004ACE0D /* Build configuration list for PBXProject "mNet" */ = {
			isa = XCConfigurationList;
			buildConfigurations = (
				5E20CD9F1FE952BE004ACE0D /* Debug */,
				5E20CDA01FE952BE004ACE0D /* Release */,
			);
			defaultConfigurationIsVisible = 0;
			defaultConfigurationName = Release;
		};
		5E20CDA11FE952BE004ACE0D /* Build configuration list for PBXNativeTarget "mNet" */ = {
			isa = XCConfigurationList;
			buildConfigurations = (
				5E20CDA21FE952BE004ACE0D /* Debug */,
				5E20CDA31FE952BE004ACE0D /* Release */,
			);
			defaultConfigurationIsVisible = 0;
			defaultConfigurationName = Release;
		};
/* End XCConfigurationList section */
	};
	rootObject = 5E20CD871FE952BE004ACE0D /* Project object */;
}
