// !$*UTF8*$!
{
	archiveVersion = 1;
	classes = {
	};
	objectVersion = 46;
	objects = {

/* Begin PBXBuildFile section */
		058A0E4C1FF7C44D00147238 /* Login.storyboard in Resources */ = {isa = PBXBuildFile; fileRef = 058A0E4B1FF7C44D00147238 /* Login.storyboard */; };
		058A0ECC1FF7C4DD00147238 /* LoginViewController.swift in Sources */ = {isa = PBXBuildFile; fileRef = 058A0ECB1FF7C4DD00147238 /* LoginViewController.swift */; };
		058A0ED21FF7C50400147238 /* DashboardMyAppsTableViewCell.swift in Sources */ = {isa = PBXBuildFile; fileRef = 058A0ED11FF7C50400147238 /* DashboardMyAppsTableViewCell.swift */; };
		058A0ED41FF7C50D00147238 /* DashboardViewController.swift in Sources */ = {isa = PBXBuildFile; fileRef = 058A0ED31FF7C50D00147238 /* DashboardViewController.swift */; };
		058A0EDA1FF7CA2D00147238 /* ConversationsListViewController.swift in Sources */ = {isa = PBXBuildFile; fileRef = 058A0ED91FF7CA2D00147238 /* ConversationsListViewController.swift */; };
		058A0EDC1FF7CA4800147238 /* ConversationListTableViewCell.swift in Sources */ = {isa = PBXBuildFile; fileRef = 058A0EDB1FF7CA4800147238 /* ConversationListTableViewCell.swift */; };
		05A7A8FB1FF7FEEC00472A60 /* NewConversationViewController.swift in Sources */ = {isa = PBXBuildFile; fileRef = 05A7A8FA1FF7FEEC00472A60 /* NewConversationViewController.swift */; };
		05A7A8FD1FF802BC00472A60 /* ApprovalsViewController.swift in Sources */ = {isa = PBXBuildFile; fileRef = 05A7A8FC1FF802BC00472A60 /* ApprovalsViewController.swift */; };
		05A7A8FF1FF80B7700472A60 /* SelectUserViewController.swift in Sources */ = {isa = PBXBuildFile; fileRef = 05A7A8FE1FF80B7700472A60 /* SelectUserViewController.swift */; };
		05A7A9011FF815A000472A60 /* ConversationInfoViewController.swift in Sources */ = {isa = PBXBuildFile; fileRef = 05A7A9001FF8159F00472A60 /* ConversationInfoViewController.swift */; };
		5E183E961FF3791D00368DE1 /* ApproveReject.storyboard in Resources */ = {isa = PBXBuildFile; fileRef = 5E183E951FF3791D00368DE1 /* ApproveReject.storyboard */; };
		5E183E9B1FF37B7C00368DE1 /* RejectApplicationViewController.swift in Sources */ = {isa = PBXBuildFile; fileRef = 5E183E9A1FF37B7C00368DE1 /* RejectApplicationViewController.swift */; };
		5E183E9D1FF385AD00368DE1 /* CustomBrownColorTextView.swift in Sources */ = {isa = PBXBuildFile; fileRef = 5E183E9C1FF385AD00368DE1 /* CustomBrownColorTextView.swift */; };
		5E183E9F1FF3887600368DE1 /* CustomBlueTextColorButton.swift in Sources */ = {isa = PBXBuildFile; fileRef = 5E183E9E1FF3887600368DE1 /* CustomBlueTextColorButton.swift */; };
		5E183EA11FF3CA4800368DE1 /* DocumentDetailsViewController.swift in Sources */ = {isa = PBXBuildFile; fileRef = 5E183EA01FF3CA4800368DE1 /* DocumentDetailsViewController.swift */; };
		5E183EA41FF3F97600368DE1 /* PeopleListTableViewCell.swift in Sources */ = {isa = PBXBuildFile; fileRef = 5E183EA31FF3F97600368DE1 /* PeopleListTableViewCell.swift */; };
		5E18AE391FF8092E007AA461 /* ApprovalVerificationViewController.swift in Sources */ = {isa = PBXBuildFile; fileRef = 5E18AE381FF8092E007AA461 /* ApprovalVerificationViewController.swift */; };
		5E18AE3C1FF809EE007AA461 /* ISRadioButton.swift in Sources */ = {isa = PBXBuildFile; fileRef = 5E18AE3B1FF809EE007AA461 /* ISRadioButton.swift */; };
		5E18AE3E1FF8113A007AA461 /* CustomBlueBackgroundButton.swift in Sources */ = {isa = PBXBuildFile; fileRef = 5E18AE3D1FF8113A007AA461 /* CustomBlueBackgroundButton.swift */; };
		5E18AE401FF818FC007AA461 /* SendPeopleListTableViewCell.swift in Sources */ = {isa = PBXBuildFile; fileRef = 5E18AE3F1FF818FC007AA461 /* SendPeopleListTableViewCell.swift */; };
		5E18AE421FF81B45007AA461 /* AttachmentsViewController.swift in Sources */ = {isa = PBXBuildFile; fileRef = 5E18AE411FF81B45007AA461 /* AttachmentsViewController.swift */; };
		5E18AE441FF81B59007AA461 /* DocumentViewController.swift in Sources */ = {isa = PBXBuildFile; fileRef = 5E18AE431FF81B59007AA461 /* DocumentViewController.swift */; };
		5E18AE461FF8238A007AA461 /* AttachmentsTableViewCell.swift in Sources */ = {isa = PBXBuildFile; fileRef = 5E18AE451FF8238A007AA461 /* AttachmentsTableViewCell.swift */; };
		5E18AE481FF82E0E007AA461 /* TabBar.storyboard in Resources */ = {isa = PBXBuildFile; fileRef = 5E18AE471FF82E0E007AA461 /* TabBar.storyboard */; };
		5E18AE4A1FF82F94007AA461 /* Conversation.storyboard in Resources */ = {isa = PBXBuildFile; fileRef = 5E18AE491FF82F94007AA461 /* Conversation.storyboard */; };
		5E18AE4C1FF82FA4007AA461 /* Dashboard.storyboard in Resources */ = {isa = PBXBuildFile; fileRef = 5E18AE4B1FF82FA3007AA461 /* Dashboard.storyboard */; };
		5E1B6CFD1FED2C8500C307B3 /* CustomPickerView.xib in Resources */ = {isa = PBXBuildFile; fileRef = 5E1B6CFC1FED2C8500C307B3 /* CustomPickerView.xib */; };
		5E1B6D011FED33A800C307B3 /* CustomPickerView.swift in Sources */ = {isa = PBXBuildFile; fileRef = 5E1B6D001FED33A800C307B3 /* CustomPickerView.swift */; };
		5E1C498D1FEA4455007CE624 /* CustomBrownTextColorLabel.swift in Sources */ = {isa = PBXBuildFile; fileRef = 5E1C498C1FEA4455007CE624 /* CustomBrownTextColorLabel.swift */; };
		5E1C498F1FEA4468007CE624 /* CustomBlueTextColorLabel.swift in Sources */ = {isa = PBXBuildFile; fileRef = 5E1C498E1FEA4468007CE624 /* CustomBlueTextColorLabel.swift */; };
		5E1C49921FEA45F6007CE624 /* Constants.swift in Sources */ = {isa = PBXBuildFile; fileRef = 5E1C49911FEA45F6007CE624 /* Constants.swift */; };
		5E1C49941FEA494B007CE624 /* PrivacySettingsViewController.swift in Sources */ = {isa = PBXBuildFile; fileRef = 5E1C49931FEA494B007CE624 /* PrivacySettingsViewController.swift */; };
		5E1C49961FEA4EB8007CE624 /* EmailPreferencesViewController.swift in Sources */ = {isa = PBXBuildFile; fileRef = 5E1C49951FEA4EB8007CE624 /* EmailPreferencesViewController.swift */; };
		5E1C49981FEA73F8007CE624 /* AboutMeViewController.swift in Sources */ = {isa = PBXBuildFile; fileRef = 5E1C49971FEA73F8007CE624 /* AboutMeViewController.swift */; };
		5E1C499A1FEA7F30007CE624 /* CustomBrownTextColorTextfield.swift in Sources */ = {isa = PBXBuildFile; fileRef = 5E1C49991FEA7F30007CE624 /* CustomBrownTextColorTextfield.swift */; };
		5E1C499D1FEA80A1007CE624 /* ViewBorder.swift in Sources */ = {isa = PBXBuildFile; fileRef = 5E1C499C1FEA80A1007CE624 /* ViewBorder.swift */; };
		5E1C49A01FEA847B007CE624 /* BaseViewController.swift in Sources */ = {isa = PBXBuildFile; fileRef = 5E1C499F1FEA847B007CE624 /* BaseViewController.swift */; };
		5E1C49A21FEA84F2007CE624 /* CustomerBrownTextColorButton.swift in Sources */ = {isa = PBXBuildFile; fileRef = 5E1C49A11FEA84F2007CE624 /* CustomerBrownTextColorButton.swift */; };
		5E20CD931FE952BE004ACE0D /* AppDelegate.swift in Sources */ = {isa = PBXBuildFile; fileRef = 5E20CD921FE952BE004ACE0D /* AppDelegate.swift */; };
		5E20CD9A1FE952BE004ACE0D /* Assets.xcassets in Resources */ = {isa = PBXBuildFile; fileRef = 5E20CD991FE952BE004ACE0D /* Assets.xcassets */; };
		5E20CD9D1FE952BE004ACE0D /* LaunchScreen.storyboard in Resources */ = {isa = PBXBuildFile; fileRef = 5E20CD9B1FE952BE004ACE0D /* LaunchScreen.storyboard */; };
		5E20CDAE1FE962E1004ACE0D /* SanFranciscoDisplay-Black.otf in Resources */ = {isa = PBXBuildFile; fileRef = 5E20CDA51FE9621A004ACE0D /* SanFranciscoDisplay-Black.otf */; };
		5E20CDAF1FE962E4004ACE0D /* SanFranciscoDisplay-Bold.otf in Resources */ = {isa = PBXBuildFile; fileRef = 5E20CDA61FE9621A004ACE0D /* SanFranciscoDisplay-Bold.otf */; };
		5E20CDB01FE962E7004ACE0D /* SanFranciscoDisplay-Heavy.otf in Resources */ = {isa = PBXBuildFile; fileRef = 5E20CDA71FE9621A004ACE0D /* SanFranciscoDisplay-Heavy.otf */; };
		5E20CDB11FE962EA004ACE0D /* SanFranciscoDisplay-Light.otf in Resources */ = {isa = PBXBuildFile; fileRef = 5E20CDA81FE9621A004ACE0D /* SanFranciscoDisplay-Light.otf */; };
		5E20CDB21FE962EC004ACE0D /* SanFranciscoDisplay-Medium.otf in Resources */ = {isa = PBXBuildFile; fileRef = 5E20CDA91FE9621A004ACE0D /* SanFranciscoDisplay-Medium.otf */; };
		5E20CDB31FE962F0004ACE0D /* SanFranciscoDisplay-Regular.otf in Resources */ = {isa = PBXBuildFile; fileRef = 5E20CDAA1FE9621A004ACE0D /* SanFranciscoDisplay-Regular.otf */; };
		5E20CDB41FE962F2004ACE0D /* SanFranciscoDisplay-Semibold.otf in Resources */ = {isa = PBXBuildFile; fileRef = 5E20CDAB1FE9621A004ACE0D /* SanFranciscoDisplay-Semibold.otf */; };
		5E20CDB51FE962F4004ACE0D /* SanFranciscoDisplay-Thin.otf in Resources */ = {isa = PBXBuildFile; fileRef = 5E20CDAC1FE9621A004ACE0D /* SanFranciscoDisplay-Thin.otf */; };
		5E20CDB61FE962F7004ACE0D /* SanFranciscoDisplay-Ultralight.otf in Resources */ = {isa = PBXBuildFile; fileRef = 5E20CDAD1FE9621A004ACE0D /* SanFranciscoDisplay-Ultralight.otf */; };
		5E20CDBC1FE971A7004ACE0D /* Settings.storyboard in Resources */ = {isa = PBXBuildFile; fileRef = 5E20CDBB1FE971A7004ACE0D /* Settings.storyboard */; };
		5E20CDC21FE9724A004ACE0D /* SettingsViewController.swift in Sources */ = {isa = PBXBuildFile; fileRef = 5E20CDC11FE9724A004ACE0D /* SettingsViewController.swift */; };
		5E21A6F11FF28CA100DBB157 /* Profile.storyboard in Resources */ = {isa = PBXBuildFile; fileRef = 5E21A6F01FF28CA100DBB157 /* Profile.storyboard */; };
		5E21A6F51FF28E4700DBB157 /* ProfileViewController.swift in Sources */ = {isa = PBXBuildFile; fileRef = 5E21A6F41FF28E4700DBB157 /* ProfileViewController.swift */; };
		5E4A8D3B1FF4FB4900086667 /* PeopleTableViewCell.swift in Sources */ = {isa = PBXBuildFile; fileRef = 5E4A8D3A1FF4FB4900086667 /* PeopleTableViewCell.swift */; };
		5E4A8D3D1FF4FB6600086667 /* PeopleViewController.swift in Sources */ = {isa = PBXBuildFile; fileRef = 5E4A8D3C1FF4FB6600086667 /* PeopleViewController.swift */; };
		5EC3005A1FEBEBFA00229516 /* AppSettingsViewController.swift in Sources */ = {isa = PBXBuildFile; fileRef = 5EC300591FEBEBFA00229516 /* AppSettingsViewController.swift */; };
		5EC3005C1FEC002000229516 /* SettingsDataController.swift in Sources */ = {isa = PBXBuildFile; fileRef = 5EC3005B1FEC002000229516 /* SettingsDataController.swift */; };
		5EC3005E1FEC03FE00229516 /* SettingOptionsTableViewCell.swift in Sources */ = {isa = PBXBuildFile; fileRef = 5EC3005D1FEC03FE00229516 /* SettingOptionsTableViewCell.swift */; };
		5EC300621FEC0A5A00229516 /* Option.swift in Sources */ = {isa = PBXBuildFile; fileRef = 5EC300611FEC0A5A00229516 /* Option.swift */; };
		5EC300651FEC106600229516 /* PrivacySettingOptionTableViewCell.swift in Sources */ = {isa = PBXBuildFile; fileRef = 5EC300641FEC106600229516 /* PrivacySettingOptionTableViewCell.swift */; };
/* End PBXBuildFile section */

/* Begin PBXFileReference section */
		058A0E4B1FF7C44D00147238 /* Login.storyboard */ = {isa = PBXFileReference; fileEncoding = 4; lastKnownFileType = file.storyboard; path = Login.storyboard; sourceTree = "<group>"; };
		058A0ECB1FF7C4DD00147238 /* LoginViewController.swift */ = {isa = PBXFileReference; fileEncoding = 4; lastKnownFileType = sourcecode.swift; path = LoginViewController.swift; sourceTree = "<group>"; };
		058A0ED11FF7C50400147238 /* DashboardMyAppsTableViewCell.swift */ = {isa = PBXFileReference; fileEncoding = 4; lastKnownFileType = sourcecode.swift; path = DashboardMyAppsTableViewCell.swift; sourceTree = "<group>"; };
		058A0ED31FF7C50D00147238 /* DashboardViewController.swift */ = {isa = PBXFileReference; fileEncoding = 4; lastKnownFileType = sourcecode.swift; path = DashboardViewController.swift; sourceTree = "<group>"; };
		058A0ED91FF7CA2D00147238 /* ConversationsListViewController.swift */ = {isa = PBXFileReference; lastKnownFileType = sourcecode.swift; path = ConversationsListViewController.swift; sourceTree = "<group>"; };
		058A0EDB1FF7CA4800147238 /* ConversationListTableViewCell.swift */ = {isa = PBXFileReference; lastKnownFileType = sourcecode.swift; path = ConversationListTableViewCell.swift; sourceTree = "<group>"; };
		05A7A8FA1FF7FEEC00472A60 /* NewConversationViewController.swift */ = {isa = PBXFileReference; lastKnownFileType = sourcecode.swift; path = NewConversationViewController.swift; sourceTree = "<group>"; };
		05A7A8FC1FF802BC00472A60 /* ApprovalsViewController.swift */ = {isa = PBXFileReference; lastKnownFileType = sourcecode.swift; path = ApprovalsViewController.swift; sourceTree = "<group>"; };
		05A7A8FE1FF80B7700472A60 /* SelectUserViewController.swift */ = {isa = PBXFileReference; lastKnownFileType = sourcecode.swift; path = SelectUserViewController.swift; sourceTree = "<group>"; };
		05A7A9001FF8159F00472A60 /* ConversationInfoViewController.swift */ = {isa = PBXFileReference; lastKnownFileType = sourcecode.swift; path = ConversationInfoViewController.swift; sourceTree = "<group>"; };
		5E183E951FF3791D00368DE1 /* ApproveReject.storyboard */ = {isa = PBXFileReference; fileEncoding = 4; lastKnownFileType = file.storyboard; path = ApproveReject.storyboard; sourceTree = "<group>"; };
		5E183E9A1FF37B7C00368DE1 /* RejectApplicationViewController.swift */ = {isa = PBXFileReference; fileEncoding = 4; lastKnownFileType = sourcecode.swift; path = RejectApplicationViewController.swift; sourceTree = "<group>"; };
		5E183E9C1FF385AD00368DE1 /* CustomBrownColorTextView.swift */ = {isa = PBXFileReference; fileEncoding = 4; lastKnownFileType = sourcecode.swift; path = CustomBrownColorTextView.swift; sourceTree = "<group>"; };
		5E183E9E1FF3887600368DE1 /* CustomBlueTextColorButton.swift */ = {isa = PBXFileReference; fileEncoding = 4; lastKnownFileType = sourcecode.swift; path = CustomBlueTextColorButton.swift; sourceTree = "<group>"; };
		5E183EA01FF3CA4800368DE1 /* DocumentDetailsViewController.swift */ = {isa = PBXFileReference; fileEncoding = 4; lastKnownFileType = sourcecode.swift; path = DocumentDetailsViewController.swift; sourceTree = "<group>"; };
		5E183EA31FF3F97600368DE1 /* PeopleListTableViewCell.swift */ = {isa = PBXFileReference; fileEncoding = 4; lastKnownFileType = sourcecode.swift; path = PeopleListTableViewCell.swift; sourceTree = "<group>"; };
		5E18AE381FF8092E007AA461 /* ApprovalVerificationViewController.swift */ = {isa = PBXFileReference; fileEncoding = 4; lastKnownFileType = sourcecode.swift; path = ApprovalVerificationViewController.swift; sourceTree = "<group>"; };
		5E18AE3B1FF809EE007AA461 /* ISRadioButton.swift */ = {isa = PBXFileReference; fileEncoding = 4; lastKnownFileType = sourcecode.swift; path = ISRadioButton.swift; sourceTree = "<group>"; };
		5E18AE3D1FF8113A007AA461 /* CustomBlueBackgroundButton.swift */ = {isa = PBXFileReference; fileEncoding = 4; lastKnownFileType = sourcecode.swift; path = CustomBlueBackgroundButton.swift; sourceTree = "<group>"; };
		5E18AE3F1FF818FC007AA461 /* SendPeopleListTableViewCell.swift */ = {isa = PBXFileReference; fileEncoding = 4; lastKnownFileType = sourcecode.swift; path = SendPeopleListTableViewCell.swift; sourceTree = "<group>"; };
		5E18AE411FF81B45007AA461 /* AttachmentsViewController.swift */ = {isa = PBXFileReference; fileEncoding = 4; lastKnownFileType = sourcecode.swift; path = AttachmentsViewController.swift; sourceTree = "<group>"; };
		5E18AE431FF81B59007AA461 /* DocumentViewController.swift */ = {isa = PBXFileReference; fileEncoding = 4; lastKnownFileType = sourcecode.swift; path = DocumentViewController.swift; sourceTree = "<group>"; };
		5E18AE451FF8238A007AA461 /* AttachmentsTableViewCell.swift */ = {isa = PBXFileReference; fileEncoding = 4; lastKnownFileType = sourcecode.swift; path = AttachmentsTableViewCell.swift; sourceTree = "<group>"; };
		5E18AE471FF82E0E007AA461 /* TabBar.storyboard */ = {isa = PBXFileReference; fileEncoding = 4; lastKnownFileType = file.storyboard; path = TabBar.storyboard; sourceTree = "<group>"; };
		5E18AE491FF82F94007AA461 /* Conversation.storyboard */ = {isa = PBXFileReference; fileEncoding = 4; lastKnownFileType = file.storyboard; path = Conversation.storyboard; sourceTree = "<group>"; };
		5E18AE4B1FF82FA3007AA461 /* Dashboard.storyboard */ = {isa = PBXFileReference; fileEncoding = 4; lastKnownFileType = file.storyboard; path = Dashboard.storyboard; sourceTree = "<group>"; };
		5E1B6CFC1FED2C8500C307B3 /* CustomPickerView.xib */ = {isa = PBXFileReference; fileEncoding = 4; lastKnownFileType = file.xib; path = CustomPickerView.xib; sourceTree = "<group>"; };
		5E1B6D001FED33A800C307B3 /* CustomPickerView.swift */ = {isa = PBXFileReference; fileEncoding = 4; lastKnownFileType = sourcecode.swift; path = CustomPickerView.swift; sourceTree = "<group>"; };
		5E1C498C1FEA4455007CE624 /* CustomBrownTextColorLabel.swift */ = {isa = PBXFileReference; fileEncoding = 4; lastKnownFileType = sourcecode.swift; path = CustomBrownTextColorLabel.swift; sourceTree = "<group>"; };
		5E1C498E1FEA4468007CE624 /* CustomBlueTextColorLabel.swift */ = {isa = PBXFileReference; fileEncoding = 4; lastKnownFileType = sourcecode.swift; path = CustomBlueTextColorLabel.swift; sourceTree = "<group>"; };
		5E1C49911FEA45F6007CE624 /* Constants.swift */ = {isa = PBXFileReference; fileEncoding = 4; lastKnownFileType = sourcecode.swift; path = Constants.swift; sourceTree = "<group>"; };
		5E1C49931FEA494B007CE624 /* PrivacySettingsViewController.swift */ = {isa = PBXFileReference; fileEncoding = 4; lastKnownFileType = sourcecode.swift; path = PrivacySettingsViewController.swift; sourceTree = "<group>"; };
		5E1C49951FEA4EB8007CE624 /* EmailPreferencesViewController.swift */ = {isa = PBXFileReference; fileEncoding = 4; lastKnownFileType = sourcecode.swift; path = EmailPreferencesViewController.swift; sourceTree = "<group>"; };
		5E1C49971FEA73F8007CE624 /* AboutMeViewController.swift */ = {isa = PBXFileReference; fileEncoding = 4; lastKnownFileType = sourcecode.swift; path = AboutMeViewController.swift; sourceTree = "<group>"; };
		5E1C49991FEA7F30007CE624 /* CustomBrownTextColorTextfield.swift */ = {isa = PBXFileReference; fileEncoding = 4; lastKnownFileType = sourcecode.swift; path = CustomBrownTextColorTextfield.swift; sourceTree = "<group>"; };
		5E1C499C1FEA80A1007CE624 /* ViewBorder.swift */ = {isa = PBXFileReference; fileEncoding = 4; lastKnownFileType = sourcecode.swift; path = ViewBorder.swift; sourceTree = "<group>"; };
		5E1C499F1FEA847B007CE624 /* BaseViewController.swift */ = {isa = PBXFileReference; fileEncoding = 4; lastKnownFileType = sourcecode.swift; path = BaseViewController.swift; sourceTree = "<group>"; };
		5E1C49A11FEA84F2007CE624 /* CustomerBrownTextColorButton.swift */ = {isa = PBXFileReference; fileEncoding = 4; lastKnownFileType = sourcecode.swift; path = CustomerBrownTextColorButton.swift; sourceTree = "<group>"; };
		5E20CD8F1FE952BE004ACE0D /* mNet.app */ = {isa = PBXFileReference; explicitFileType = wrapper.application; includeInIndex = 0; path = mNet.app; sourceTree = BUILT_PRODUCTS_DIR; };
		5E20CD921FE952BE004ACE0D /* AppDelegate.swift */ = {isa = PBXFileReference; lastKnownFileType = sourcecode.swift; path = AppDelegate.swift; sourceTree = "<group>"; };
		5E20CD991FE952BE004ACE0D /* Assets.xcassets */ = {isa = PBXFileReference; lastKnownFileType = folder.assetcatalog; path = Assets.xcassets; sourceTree = "<group>"; };
		5E20CD9C1FE952BE004ACE0D /* Base */ = {isa = PBXFileReference; lastKnownFileType = file.storyboard; name = Base; path = Base.lproj/LaunchScreen.storyboard; sourceTree = "<group>"; };
		5E20CD9E1FE952BE004ACE0D /* Info.plist */ = {isa = PBXFileReference; lastKnownFileType = text.plist.xml; path = Info.plist; sourceTree = "<group>"; };
		5E20CDA51FE9621A004ACE0D /* SanFranciscoDisplay-Black.otf */ = {isa = PBXFileReference; lastKnownFileType = file; path = "SanFranciscoDisplay-Black.otf"; sourceTree = "<group>"; };
		5E20CDA61FE9621A004ACE0D /* SanFranciscoDisplay-Bold.otf */ = {isa = PBXFileReference; lastKnownFileType = file; path = "SanFranciscoDisplay-Bold.otf"; sourceTree = "<group>"; };
		5E20CDA71FE9621A004ACE0D /* SanFranciscoDisplay-Heavy.otf */ = {isa = PBXFileReference; lastKnownFileType = file; path = "SanFranciscoDisplay-Heavy.otf"; sourceTree = "<group>"; };
		5E20CDA81FE9621A004ACE0D /* SanFranciscoDisplay-Light.otf */ = {isa = PBXFileReference; lastKnownFileType = file; path = "SanFranciscoDisplay-Light.otf"; sourceTree = "<group>"; };
		5E20CDA91FE9621A004ACE0D /* SanFranciscoDisplay-Medium.otf */ = {isa = PBXFileReference; lastKnownFileType = file; path = "SanFranciscoDisplay-Medium.otf"; sourceTree = "<group>"; };
		5E20CDAA1FE9621A004ACE0D /* SanFranciscoDisplay-Regular.otf */ = {isa = PBXFileReference; lastKnownFileType = file; path = "SanFranciscoDisplay-Regular.otf"; sourceTree = "<group>"; };
		5E20CDAB1FE9621A004ACE0D /* SanFranciscoDisplay-Semibold.otf */ = {isa = PBXFileReference; lastKnownFileType = file; path = "SanFranciscoDisplay-Semibold.otf"; sourceTree = "<group>"; };
		5E20CDAC1FE9621A004ACE0D /* SanFranciscoDisplay-Thin.otf */ = {isa = PBXFileReference; lastKnownFileType = file; path = "SanFranciscoDisplay-Thin.otf"; sourceTree = "<group>"; };
		5E20CDAD1FE9621A004ACE0D /* SanFranciscoDisplay-Ultralight.otf */ = {isa = PBXFileReference; lastKnownFileType = file; path = "SanFranciscoDisplay-Ultralight.otf"; sourceTree = "<group>"; };
		5E20CDBB1FE971A7004ACE0D /* Settings.storyboard */ = {isa = PBXFileReference; fileEncoding = 4; lastKnownFileType = file.storyboard; path = Settings.storyboard; sourceTree = "<group>"; };
		5E20CDC11FE9724A004ACE0D /* SettingsViewController.swift */ = {isa = PBXFileReference; fileEncoding = 4; lastKnownFileType = sourcecode.swift; path = SettingsViewController.swift; sourceTree = "<group>"; };
		5E21A6F01FF28CA100DBB157 /* Profile.storyboard */ = {isa = PBXFileReference; fileEncoding = 4; lastKnownFileType = file.storyboard; path = Profile.storyboard; sourceTree = "<group>"; };
		5E21A6F41FF28E4700DBB157 /* ProfileViewController.swift */ = {isa = PBXFileReference; fileEncoding = 4; lastKnownFileType = sourcecode.swift; path = ProfileViewController.swift; sourceTree = "<group>"; };
		5E4A8D3A1FF4FB4900086667 /* PeopleTableViewCell.swift */ = {isa = PBXFileReference; fileEncoding = 4; lastKnownFileType = sourcecode.swift; path = PeopleTableViewCell.swift; sourceTree = "<group>"; };
		5E4A8D3C1FF4FB6600086667 /* PeopleViewController.swift */ = {isa = PBXFileReference; fileEncoding = 4; lastKnownFileType = sourcecode.swift; path = PeopleViewController.swift; sourceTree = "<group>"; };
		5EC300591FEBEBFA00229516 /* AppSettingsViewController.swift */ = {isa = PBXFileReference; fileEncoding = 4; lastKnownFileType = sourcecode.swift; path = AppSettingsViewController.swift; sourceTree = "<group>"; };
		5EC3005B1FEC002000229516 /* SettingsDataController.swift */ = {isa = PBXFileReference; fileEncoding = 4; lastKnownFileType = sourcecode.swift; path = SettingsDataController.swift; sourceTree = "<group>"; };
		5EC3005D1FEC03FE00229516 /* SettingOptionsTableViewCell.swift */ = {isa = PBXFileReference; fileEncoding = 4; lastKnownFileType = sourcecode.swift; path = SettingOptionsTableViewCell.swift; sourceTree = "<group>"; };
		5EC300611FEC0A5A00229516 /* Option.swift */ = {isa = PBXFileReference; fileEncoding = 4; lastKnownFileType = sourcecode.swift; path = Option.swift; sourceTree = "<group>"; };
		5EC300641FEC106600229516 /* PrivacySettingOptionTableViewCell.swift */ = {isa = PBXFileReference; fileEncoding = 4; lastKnownFileType = sourcecode.swift; path = PrivacySettingOptionTableViewCell.swift; sourceTree = "<group>"; };
/* End PBXFileReference section */

/* Begin PBXFrameworksBuildPhase section */
		5E20CD8C1FE952BE004ACE0D /* Frameworks */ = {
			isa = PBXFrameworksBuildPhase;
			buildActionMask = 2147483647;
			files = (
			);
			runOnlyForDeploymentPostprocessing = 0;
		};
/* End PBXFrameworksBuildPhase section */

/* Begin PBXGroup section */
		058A0E8B1FF7C4AA00147238 /* Login Module */ = {
			isa = PBXGroup;
			children = (
				058A0ECA1FF7C4D000147238 /* View Controllers */,
				058A0EC91FF7C4CA00147238 /* Data Controller */,
				058A0EC81FF7C4C500147238 /* Views */,
			);
			name = "Login Module";
			sourceTree = "<group>";
		};
		058A0EC81FF7C4C500147238 /* Views */ = {
			isa = PBXGroup;
			children = (
			);
			name = Views;
			sourceTree = "<group>";
		};
		058A0EC91FF7C4CA00147238 /* Data Controller */ = {
			isa = PBXGroup;
			children = (
			);
			name = "Data Controller";
			sourceTree = "<group>";
		};
		058A0ECA1FF7C4D000147238 /* View Controllers */ = {
			isa = PBXGroup;
			children = (
				058A0ECB1FF7C4DD00147238 /* LoginViewController.swift */,
			);
			name = "View Controllers";
			sourceTree = "<group>";
		};
		058A0ECD1FF7C4E800147238 /* Dashboard */ = {
			isa = PBXGroup;
			children = (
				058A0ED01FF7C4F800147238 /* View Controllers */,
				058A0ECF1FF7C4F200147238 /* Data Controller */,
				058A0ECE1FF7C4EE00147238 /* Views */,
			);
			name = Dashboard;
			sourceTree = "<group>";
		};
		058A0ECE1FF7C4EE00147238 /* Views */ = {
			isa = PBXGroup;
			children = (
				058A0ED11FF7C50400147238 /* DashboardMyAppsTableViewCell.swift */,
			);
			name = Views;
			sourceTree = "<group>";
		};
		058A0ECF1FF7C4F200147238 /* Data Controller */ = {
			isa = PBXGroup;
			children = (
			);
			name = "Data Controller";
			sourceTree = "<group>";
		};
		058A0ED01FF7C4F800147238 /* View Controllers */ = {
			isa = PBXGroup;
			children = (
				058A0ED31FF7C50D00147238 /* DashboardViewController.swift */,
			);
			name = "View Controllers";
			sourceTree = "<group>";
		};
		058A0ED51FF7C9E400147238 /* Conversations Module */ = {
			isa = PBXGroup;
			children = (
				058A0ED81FF7CA0500147238 /* View Controllers */,
				058A0ED71FF7C9FC00147238 /* Data Controller */,
				058A0ED61FF7C9F800147238 /* Views */,
			);
			name = "Conversations Module";
			sourceTree = "<group>";
		};
		058A0ED61FF7C9F800147238 /* Views */ = {
			isa = PBXGroup;
			children = (
				058A0EDB1FF7CA4800147238 /* ConversationListTableViewCell.swift */,
			);
			name = Views;
			sourceTree = "<group>";
		};
		058A0ED71FF7C9FC00147238 /* Data Controller */ = {
			isa = PBXGroup;
			children = (
			);
			name = "Data Controller";
			sourceTree = "<group>";
		};
		058A0ED81FF7CA0500147238 /* View Controllers */ = {
			isa = PBXGroup;
			children = (
				05A7A8FA1FF7FEEC00472A60 /* NewConversationViewController.swift */,
				058A0ED91FF7CA2D00147238 /* ConversationsListViewController.swift */,
				05A7A8FE1FF80B7700472A60 /* SelectUserViewController.swift */,
				05A7A9001FF8159F00472A60 /* ConversationInfoViewController.swift */,
			);
			name = "View Controllers";
			sourceTree = "<group>";
		};
		5E183E971FF37A5700368DE1 /* Approve Reject Application Module */ = {
			isa = PBXGroup;
			children = (
				5E183EA21FF3F96100368DE1 /* Views */,
				5E183E991FF37B2B00368DE1 /* Data Controllers */,
				5E183E981FF37B2200368DE1 /* View Controllers */,
			);
			name = "Approve Reject Application Module";
			sourceTree = "<group>";
		};
		5E183E981FF37B2200368DE1 /* View Controllers */ = {
			isa = PBXGroup;
			children = (
				5E183E9A1FF37B7C00368DE1 /* RejectApplicationViewController.swift */,
				5E183EA01FF3CA4800368DE1 /* DocumentDetailsViewController.swift */,
				5E18AE381FF8092E007AA461 /* ApprovalVerificationViewController.swift */,
				5E18AE411FF81B45007AA461 /* AttachmentsViewController.swift */,
				5E18AE431FF81B59007AA461 /* DocumentViewController.swift */,
				05A7A8FC1FF802BC00472A60 /* ApprovalsViewController.swift */,
			);
			name = "View Controllers";
			sourceTree = "<group>";
		};
		5E183E991FF37B2B00368DE1 /* Data Controllers */ = {
			isa = PBXGroup;
			children = (
			);
			name = "Data Controllers";
			sourceTree = "<group>";
		};
		5E183EA21FF3F96100368DE1 /* Views */ = {
			isa = PBXGroup;
			children = (
				5E183EA31FF3F97600368DE1 /* PeopleListTableViewCell.swift */,
				5E18AE3F1FF818FC007AA461 /* SendPeopleListTableViewCell.swift */,
				5E18AE451FF8238A007AA461 /* AttachmentsTableViewCell.swift */,
			);
			name = Views;
			sourceTree = "<group>";
		};
		5E18AE3A1FF8099C007AA461 /* Radio Button */ = {
			isa = PBXGroup;
			children = (
				5E18AE3B1FF809EE007AA461 /* ISRadioButton.swift */,
			);
			name = "Radio Button";
			sourceTree = "<group>";
		};
		5E1B6CFB1FED2AB900C307B3 /* Xibs */ = {
			isa = PBXGroup;
			children = (
				5E1B6CFC1FED2C8500C307B3 /* CustomPickerView.xib */,
			);
			name = Xibs;
			sourceTree = "<group>";
		};
		5E1C498B1FEA442C007CE624 /* Custom View Classes */ = {
			isa = PBXGroup;
			children = (
				5E1C498C1FEA4455007CE624 /* CustomBrownTextColorLabel.swift */,
				5E1C498E1FEA4468007CE624 /* CustomBlueTextColorLabel.swift */,
				5E1C49991FEA7F30007CE624 /* CustomBrownTextColorTextfield.swift */,
				5E1C49A11FEA84F2007CE624 /* CustomerBrownTextColorButton.swift */,
				5E183E9C1FF385AD00368DE1 /* CustomBrownColorTextView.swift */,
				5E183E9E1FF3887600368DE1 /* CustomBlueTextColorButton.swift */,
				5E1B6D001FED33A800C307B3 /* CustomPickerView.swift */,
				5E18AE3D1FF8113A007AA461 /* CustomBlueBackgroundButton.swift */,
			);
			name = "Custom View Classes";
			sourceTree = "<group>";
		};
		5E1C499B1FEA8072007CE624 /* Extensions */ = {
			isa = PBXGroup;
			children = (
				5E1C499C1FEA80A1007CE624 /* ViewBorder.swift */,
			);
			name = Extensions;
			sourceTree = "<group>";
		};
		5E1C499E1FEA845B007CE624 /* Base classes */ = {
			isa = PBXGroup;
			children = (
				5E1C499F1FEA847B007CE624 /* BaseViewController.swift */,
			);
			name = "Base classes";
			sourceTree = "<group>";
		};
		5E20CD861FE952BE004ACE0D = {
			isa = PBXGroup;
			children = (
				5E20CD911FE952BE004ACE0D /* mNet */,
				5E20CD901FE952BE004ACE0D /* Products */,
			);
			sourceTree = "<group>";
		};
		5E20CD901FE952BE004ACE0D /* Products */ = {
			isa = PBXGroup;
			children = (
				5E20CD8F1FE952BE004ACE0D /* mNet.app */,
			);
			name = Products;
			sourceTree = "<group>";
		};
		5E20CD911FE952BE004ACE0D /* mNet */ = {
			isa = PBXGroup;
			children = (
				5E1C49911FEA45F6007CE624 /* Constants.swift */,
				5E20CD921FE952BE004ACE0D /* AppDelegate.swift */,
				5E18AE3A1FF8099C007AA461 /* Radio Button */,
				5EC300631FEC0A6100229516 /* Models */,
				5E1C499E1FEA845B007CE624 /* Base classes */,
				5E1C499B1FEA8072007CE624 /* Extensions */,
				5E1C498B1FEA442C007CE624 /* Custom View Classes */,
				058A0E8B1FF7C4AA00147238 /* Login Module */,
				058A0ECD1FF7C4E800147238 /* Dashboard */,
				058A0ED51FF7C9E400147238 /* Conversations Module */,
				5E183E971FF37A5700368DE1 /* Approve Reject Application Module */,
				5E20CDBD1FE971FD004ACE0D /* Settings Module */,
				5E21A6F21FF28CF000DBB157 /* Profile Module */,
				5E1B6CFB1FED2AB900C307B3 /* Xibs */,
				5E20CDBA1FE9718F004ACE0D /* Storyboards */,
				5E20CDB71FE96A7D004ACE0D /* Default Images */,
				5E20CDA41FE96204004ACE0D /* Font */,
				5E20CD991FE952BE004ACE0D /* Assets.xcassets */,
				5E20CD9E1FE952BE004ACE0D /* Info.plist */,
			);
			path = mNet;
			sourceTree = "<group>";
		};
		5E20CDA41FE96204004ACE0D /* Font */ = {
			isa = PBXGroup;
			children = (
				5E20CDA51FE9621A004ACE0D /* SanFranciscoDisplay-Black.otf */,
				5E20CDA61FE9621A004ACE0D /* SanFranciscoDisplay-Bold.otf */,
				5E20CDA71FE9621A004ACE0D /* SanFranciscoDisplay-Heavy.otf */,
				5E20CDA81FE9621A004ACE0D /* SanFranciscoDisplay-Light.otf */,
				5E20CDA91FE9621A004ACE0D /* SanFranciscoDisplay-Medium.otf */,
				5E20CDAA1FE9621A004ACE0D /* SanFranciscoDisplay-Regular.otf */,
				5E20CDAB1FE9621A004ACE0D /* SanFranciscoDisplay-Semibold.otf */,
				5E20CDAC1FE9621A004ACE0D /* SanFranciscoDisplay-Thin.otf */,
				5E20CDAD1FE9621A004ACE0D /* SanFranciscoDisplay-Ultralight.otf */,
			);
			name = Font;
			sourceTree = "<group>";
		};
		5E20CDB71FE96A7D004ACE0D /* Default Images */ = {
			isa = PBXGroup;
			children = (
			);
			name = "Default Images";
			sourceTree = "<group>";
		};
		5E20CDBA1FE9718F004ACE0D /* Storyboards */ = {
			isa = PBXGroup;
			children = (
				058A0E4B1FF7C44D00147238 /* Login.storyboard */,
				5E20CDBB1FE971A7004ACE0D /* Settings.storyboard */,
				5E21A6F01FF28CA100DBB157 /* Profile.storyboard */,
				5E20CD9B1FE952BE004ACE0D /* LaunchScreen.storyboard */,
				5E183E951FF3791D00368DE1 /* ApproveReject.storyboard */,
				5E18AE471FF82E0E007AA461 /* TabBar.storyboard */,
				5E18AE491FF82F94007AA461 /* Conversation.storyboard */,
				5E18AE4B1FF82FA3007AA461 /* Dashboard.storyboard */,
			);
			name = Storyboards;
			sourceTree = "<group>";
		};
		5E20CDBD1FE971FD004ACE0D /* Settings Module */ = {
			isa = PBXGroup;
			children = (
				5E20CDC01FE9721B004ACE0D /* Views */,
				5E20CDBF1FE97212004ACE0D /* Data Controllers */,
				5E20CDBE1FE9720A004ACE0D /* View Controllers */,
			);
			name = "Settings Module";
			sourceTree = "<group>";
		};
		5E20CDBE1FE9720A004ACE0D /* View Controllers */ = {
			isa = PBXGroup;
			children = (
				5E20CDC11FE9724A004ACE0D /* SettingsViewController.swift */,
				5E1C49931FEA494B007CE624 /* PrivacySettingsViewController.swift */,
				5E1C49951FEA4EB8007CE624 /* EmailPreferencesViewController.swift */,
				5E1C49971FEA73F8007CE624 /* AboutMeViewController.swift */,
				5EC300591FEBEBFA00229516 /* AppSettingsViewController.swift */,
			);
			name = "View Controllers";
			sourceTree = "<group>";
		};
		5E20CDBF1FE97212004ACE0D /* Data Controllers */ = {
			isa = PBXGroup;
			children = (
				5EC3005B1FEC002000229516 /* SettingsDataController.swift */,
			);
			name = "Data Controllers";
			sourceTree = "<group>";
		};
		5E20CDC01FE9721B004ACE0D /* Views */ = {
			isa = PBXGroup;
			children = (
				5EC3005D1FEC03FE00229516 /* SettingOptionsTableViewCell.swift */,
				5EC300641FEC106600229516 /* PrivacySettingOptionTableViewCell.swift */,
			);
			name = Views;
			sourceTree = "<group>";
		};
		5E21A6F21FF28CF000DBB157 /* Profile Module */ = {
			isa = PBXGroup;
			children = (
				5E4A8D391FF4FB0400086667 /* Views */,
				5E4A8D381FF4FAF600086667 /* Data Controller */,
				5E21A6F31FF28E2200DBB157 /* View Controllers */,
			);
			name = "Profile Module";
			sourceTree = "<group>";
		};
		5E21A6F31FF28E2200DBB157 /* View Controllers */ = {
			isa = PBXGroup;
			children = (
				5E21A6F41FF28E4700DBB157 /* ProfileViewController.swift */,
				5E4A8D3C1FF4FB6600086667 /* PeopleViewController.swift */,
			);
			name = "View Controllers";
			sourceTree = "<group>";
		};
		5E4A8D381FF4FAF600086667 /* Data Controller */ = {
			isa = PBXGroup;
			children = (
			);
			name = "Data Controller";
			sourceTree = "<group>";
		};
		5E4A8D391FF4FB0400086667 /* Views */ = {
			isa = PBXGroup;
			children = (
				5E4A8D3A1FF4FB4900086667 /* PeopleTableViewCell.swift */,
			);
			name = Views;
			sourceTree = "<group>";
		};
		5EC300631FEC0A6100229516 /* Models */ = {
			isa = PBXGroup;
			children = (
				5EC300611FEC0A5A00229516 /* Option.swift */,
			);
			name = Models;
			sourceTree = "<group>";
		};
/* End PBXGroup section */

/* Begin PBXNativeTarget section */
		5E20CD8E1FE952BE004ACE0D /* mNet */ = {
			isa = PBXNativeTarget;
			buildConfigurationList = 5E20CDA11FE952BE004ACE0D /* Build configuration list for PBXNativeTarget "mNet" */;
			buildPhases = (
				5E20CD8B1FE952BE004ACE0D /* Sources */,
				5E20CD8C1FE952BE004ACE0D /* Frameworks */,
				5E20CD8D1FE952BE004ACE0D /* Resources */,
			);
			buildRules = (
			);
			dependencies = (
			);
			name = mNet;
			productName = mNet;
			productReference = 5E20CD8F1FE952BE004ACE0D /* mNet.app */;
			productType = "com.apple.product-type.application";
		};
/* End PBXNativeTarget section */

/* Begin PBXProject section */
		5E20CD871FE952BE004ACE0D /* Project object */ = {
			isa = PBXProject;
			attributes = {
				LastSwiftUpdateCheck = 0830;
				LastUpgradeCheck = 0830;
				ORGANIZATIONNAME = mNet;
				TargetAttributes = {
					5E20CD8E1FE952BE004ACE0D = {
						CreatedOnToolsVersion = 8.3.3;
						DevelopmentTeam = 3J7U28GXGW;
						ProvisioningStyle = Manual;
					};
				};
			};
			buildConfigurationList = 5E20CD8A1FE952BE004ACE0D /* Build configuration list for PBXProject "mNet" */;
			compatibilityVersion = "Xcode 3.2";
			developmentRegion = English;
			hasScannedForEncodings = 0;
			knownRegions = (
				en,
				Base,
			);
			mainGroup = 5E20CD861FE952BE004ACE0D;
			productRefGroup = 5E20CD901FE952BE004ACE0D /* Products */;
			projectDirPath = "";
			projectRoot = "";
			targets = (
				5E20CD8E1FE952BE004ACE0D /* mNet */,
			);
		};
/* End PBXProject section */

/* Begin PBXResourcesBuildPhase section */
		5E20CD8D1FE952BE004ACE0D /* Resources */ = {
			isa = PBXResourcesBuildPhase;
			buildActionMask = 2147483647;
			files = (
				058A0E4C1FF7C44D00147238 /* Login.storyboard in Resources */,
				5E20CDB41FE962F2004ACE0D /* SanFranciscoDisplay-Semibold.otf in Resources */,
				5E20CD9D1FE952BE004ACE0D /* LaunchScreen.storyboard in Resources */,
				5E20CD9A1FE952BE004ACE0D /* Assets.xcassets in Resources */,
				5E183E961FF3791D00368DE1 /* ApproveReject.storyboard in Resources */,
				5E20CDAE1FE962E1004ACE0D /* SanFranciscoDisplay-Black.otf in Resources */,
				5E18AE4C1FF82FA4007AA461 /* Dashboard.storyboard in Resources */,
				5E20CDB21FE962EC004ACE0D /* SanFranciscoDisplay-Medium.otf in Resources */,
				5E20CDB51FE962F4004ACE0D /* SanFranciscoDisplay-Thin.otf in Resources */,
				5E20CDB01FE962E7004ACE0D /* SanFranciscoDisplay-Heavy.otf in Resources */,
				5E18AE4A1FF82F94007AA461 /* Conversation.storyboard in Resources */,
				5E1B6CFD1FED2C8500C307B3 /* CustomPickerView.xib in Resources */,
				5E20CDB31FE962F0004ACE0D /* SanFranciscoDisplay-Regular.otf in Resources */,
				5E20CDAF1FE962E4004ACE0D /* SanFranciscoDisplay-Bold.otf in Resources */,
				5E20CDB61FE962F7004ACE0D /* SanFranciscoDisplay-Ultralight.otf in Resources */,
				5E20CDBC1FE971A7004ACE0D /* Settings.storyboard in Resources */,
				5E21A6F11FF28CA100DBB157 /* Profile.storyboard in Resources */,
				5E18AE481FF82E0E007AA461 /* TabBar.storyboard in Resources */,
				5E20CDB11FE962EA004ACE0D /* SanFranciscoDisplay-Light.otf in Resources */,
			);
			runOnlyForDeploymentPostprocessing = 0;
		};
/* End PBXResourcesBuildPhase section */

/* Begin PBXSourcesBuildPhase section */
		5E20CD8B1FE952BE004ACE0D /* Sources */ = {
			isa = PBXSourcesBuildPhase;
			buildActionMask = 2147483647;
			files = (
				058A0ECC1FF7C4DD00147238 /* LoginViewController.swift in Sources */,
				5EC3005C1FEC002000229516 /* SettingsDataController.swift in Sources */,
				5E18AE391FF8092E007AA461 /* ApprovalVerificationViewController.swift in Sources */,
				5E18AE401FF818FC007AA461 /* SendPeopleListTableViewCell.swift in Sources */,
				5E1C49961FEA4EB8007CE624 /* EmailPreferencesViewController.swift in Sources */,
				05A7A8FD1FF802BC00472A60 /* ApprovalsViewController.swift in Sources */,
				5E1C49941FEA494B007CE624 /* PrivacySettingsViewController.swift in Sources */,
				5E1C49A01FEA847B007CE624 /* BaseViewController.swift in Sources */,
				5E18AE3E1FF8113A007AA461 /* CustomBlueBackgroundButton.swift in Sources */,
				5E18AE3C1FF809EE007AA461 /* ISRadioButton.swift in Sources */,
				5E183E9B1FF37B7C00368DE1 /* RejectApplicationViewController.swift in Sources */,
				5E1C498D1FEA4455007CE624 /* CustomBrownTextColorLabel.swift in Sources */,
				5E18AE461FF8238A007AA461 /* AttachmentsTableViewCell.swift in Sources */,
				058A0EDC1FF7CA4800147238 /* ConversationListTableViewCell.swift in Sources */,
				05A7A8FF1FF80B7700472A60 /* SelectUserViewController.swift in Sources */,
				5E1C499A1FEA7F30007CE624 /* CustomBrownTextColorTextfield.swift in Sources */,
				5E183EA11FF3CA4800368DE1 /* DocumentDetailsViewController.swift in Sources */,
				5EC300621FEC0A5A00229516 /* Option.swift in Sources */,
				5E20CD931FE952BE004ACE0D /* AppDelegate.swift in Sources */,
				058A0EDA1FF7CA2D00147238 /* ConversationsListViewController.swift in Sources */,
				5E1C498F1FEA4468007CE624 /* CustomBlueTextColorLabel.swift in Sources */,
				5E21A6F51FF28E4700DBB157 /* ProfileViewController.swift in Sources */,
				5E20CDC21FE9724A004ACE0D /* SettingsViewController.swift in Sources */,
				058A0ED21FF7C50400147238 /* DashboardMyAppsTableViewCell.swift in Sources */,
				05A7A9011FF815A000472A60 /* ConversationInfoViewController.swift in Sources */,
				5EC3005A1FEBEBFA00229516 /* AppSettingsViewController.swift in Sources */,
				05A7A8FB1FF7FEEC00472A60 /* NewConversationViewController.swift in Sources */,
				5E1C499D1FEA80A1007CE624 /* ViewBorder.swift in Sources */,
				5E1C49981FEA73F8007CE624 /* AboutMeViewController.swift in Sources */,
				5E183E9F1FF3887600368DE1 /* CustomBlueTextColorButton.swift in Sources */,
				5E18AE441FF81B59007AA461 /* DocumentViewController.swift in Sources */,
				5EC3005E1FEC03FE00229516 /* SettingOptionsTableViewCell.swift in Sources */,
				058A0ED41FF7C50D00147238 /* DashboardViewController.swift in Sources */,
				5E1C49921FEA45F6007CE624 /* Constants.swift in Sources */,
				5E4A8D3D1FF4FB6600086667 /* PeopleViewController.swift in Sources */,
				5E1B6D011FED33A800C307B3 /* CustomPickerView.swift in Sources */,
				5E4A8D3B1FF4FB4900086667 /* PeopleTableViewCell.swift in Sources */,
				5E18AE421FF81B45007AA461 /* AttachmentsViewController.swift in Sources */,
				5E183EA41FF3F97600368DE1 /* PeopleListTableViewCell.swift in Sources */,
				5E183E9D1FF385AD00368DE1 /* CustomBrownColorTextView.swift in Sources */,
				5EC300651FEC106600229516 /* PrivacySettingOptionTableViewCell.swift in Sources */,
				5E1C49A21FEA84F2007CE624 /* CustomerBrownTextColorButton.swift in Sources */,
			);
			runOnlyForDeploymentPostprocessing = 0;
		};
/* End PBXSourcesBuildPhase section */

/* Begin PBXVariantGroup section */
		5E20CD9B1FE952BE004ACE0D /* LaunchScreen.storyboard */ = {
			isa = PBXVariantGroup;
			children = (
				5E20CD9C1FE952BE004ACE0D /* Base */,
			);
			name = LaunchScreen.storyboard;
			sourceTree = "<group>";
		};
/* End PBXVariantGroup section */

/* Begin XCBuildConfiguration section */
		5E20CD9F1FE952BE004ACE0D /* Debug */ = {
			isa = XCBuildConfiguration;
			buildSettings = {
				ALWAYS_SEARCH_USER_PATHS = NO;
				CLANG_ANALYZER_NONNULL = YES;
				CLANG_ANALYZER_NUMBER_OBJECT_CONVERSION = YES_AGGRESSIVE;
				CLANG_CXX_LANGUAGE_STANDARD = "gnu++0x";
				CLANG_CXX_LIBRARY = "libc++";
				CLANG_ENABLE_MODULES = YES;
				CLANG_ENABLE_OBJC_ARC = YES;
				CLANG_WARN_BOOL_CONVERSION = YES;
				CLANG_WARN_CONSTANT_CONVERSION = YES;
				CLANG_WARN_DIRECT_OBJC_ISA_USAGE = YES_ERROR;
				CLANG_WARN_DOCUMENTATION_COMMENTS = YES;
				CLANG_WARN_EMPTY_BODY = YES;
				CLANG_WARN_ENUM_CONVERSION = YES;
				CLANG_WARN_INFINITE_RECURSION = YES;
				CLANG_WARN_INT_CONVERSION = YES;
				CLANG_WARN_OBJC_ROOT_CLASS = YES_ERROR;
				CLANG_WARN_SUSPICIOUS_MOVE = YES;
				CLANG_WARN_UNREACHABLE_CODE = YES;
				CLANG_WARN__DUPLICATE_METHOD_MATCH = YES;
				"CODE_SIGN_IDENTITY[sdk=iphoneos*]" = "iPhone Developer";
				COPY_PHASE_STRIP = NO;
				DEBUG_INFORMATION_FORMAT = dwarf;
				ENABLE_STRICT_OBJC_MSGSEND = YES;
				ENABLE_TESTABILITY = YES;
				GCC_C_LANGUAGE_STANDARD = gnu99;
				GCC_DYNAMIC_NO_PIC = NO;
				GCC_NO_COMMON_BLOCKS = YES;
				GCC_OPTIMIZATION_LEVEL = 0;
				GCC_PREPROCESSOR_DEFINITIONS = (
					"DEBUG=1",
					"$(inherited)",
				);
				GCC_WARN_64_TO_32_BIT_CONVERSION = YES;
				GCC_WARN_ABOUT_RETURN_TYPE = YES_ERROR;
				GCC_WARN_UNDECLARED_SELECTOR = YES;
				GCC_WARN_UNINITIALIZED_AUTOS = YES_AGGRESSIVE;
				GCC_WARN_UNUSED_FUNCTION = YES;
				GCC_WARN_UNUSED_VARIABLE = YES;
				IPHONEOS_DEPLOYMENT_TARGET = 10.3;
				MTL_ENABLE_DEBUG_INFO = YES;
				ONLY_ACTIVE_ARCH = YES;
				SDKROOT = iphoneos;
				SWIFT_ACTIVE_COMPILATION_CONDITIONS = DEBUG;
				SWIFT_OPTIMIZATION_LEVEL = "-Onone";
			};
			name = Debug;
		};
		5E20CDA01FE952BE004ACE0D /* Release */ = {
			isa = XCBuildConfiguration;
			buildSettings = {
				ALWAYS_SEARCH_USER_PATHS = NO;
				CLANG_ANALYZER_NONNULL = YES;
				CLANG_ANALYZER_NUMBER_OBJECT_CONVERSION = YES_AGGRESSIVE;
				CLANG_CXX_LANGUAGE_STANDARD = "gnu++0x";
				CLANG_CXX_LIBRARY = "libc++";
				CLANG_ENABLE_MODULES = YES;
				CLANG_ENABLE_OBJC_ARC = YES;
				CLANG_WARN_BOOL_CONVERSION = YES;
				CLANG_WARN_CONSTANT_CONVERSION = YES;
				CLANG_WARN_DIRECT_OBJC_ISA_USAGE = YES_ERROR;
				CLANG_WARN_DOCUMENTATION_COMMENTS = YES;
				CLANG_WARN_EMPTY_BODY = YES;
				CLANG_WARN_ENUM_CONVERSION = YES;
				CLANG_WARN_INFINITE_RECURSION = YES;
				CLANG_WARN_INT_CONVERSION = YES;
				CLANG_WARN_OBJC_ROOT_CLASS = YES_ERROR;
				CLANG_WARN_SUSPICIOUS_MOVE = YES;
				CLANG_WARN_UNREACHABLE_CODE = YES;
				CLANG_WARN__DUPLICATE_METHOD_MATCH = YES;
				"CODE_SIGN_IDENTITY[sdk=iphoneos*]" = "iPhone Developer";
				COPY_PHASE_STRIP = NO;
				DEBUG_INFORMATION_FORMAT = "dwarf-with-dsym";
				ENABLE_NS_ASSERTIONS = NO;
				ENABLE_STRICT_OBJC_MSGSEND = YES;
				GCC_C_LANGUAGE_STANDARD = gnu99;
				GCC_NO_COMMON_BLOCKS = YES;
				GCC_WARN_64_TO_32_BIT_CONVERSION = YES;
				GCC_WARN_ABOUT_RETURN_TYPE = YES_ERROR;
				GCC_WARN_UNDECLARED_SELECTOR = YES;
				GCC_WARN_UNINITIALIZED_AUTOS = YES_AGGRESSIVE;
				GCC_WARN_UNUSED_FUNCTION = YES;
				GCC_WARN_UNUSED_VARIABLE = YES;
				IPHONEOS_DEPLOYMENT_TARGET = 10.3;
				MTL_ENABLE_DEBUG_INFO = NO;
				SDKROOT = iphoneos;
				SWIFT_OPTIMIZATION_LEVEL = "-Owholemodule";
				VALIDATE_PRODUCT = YES;
			};
			name = Release;
		};
		5E20CDA21FE952BE004ACE0D /* Debug */ = {
			isa = XCBuildConfiguration;
			buildSettings = {
				ASSETCATALOG_COMPILER_APPICON_NAME = AppIcon;
				"CODE_SIGN_IDENTITY[sdk=iphoneos*]" = "iPhone Developer";
				CODE_SIGN_STYLE = Manual;
				DEVELOPMENT_TEAM = 3J7U28GXGW;
				INFOPLIST_FILE = mNet/Info.plist;
				IPHONEOS_DEPLOYMENT_TARGET = 10.0;
				LD_RUNPATH_SEARCH_PATHS = "$(inherited) @executable_path/Frameworks";
				PRODUCT_BUNDLE_IDENTIFIER = com.mediaware.mNet;
				PRODUCT_NAME = "$(TARGET_NAME)";
				PROVISIONING_PROFILE = "7825225e-6766-4167-911c-40e3c620daa8";
				PROVISIONING_PROFILE_SPECIFIER = mNetDevelopment;
				SWIFT_VERSION = 3.0;
			};
			name = Debug;
		};
		5E20CDA31FE952BE004ACE0D /* Release */ = {
			isa = XCBuildConfiguration;
			buildSettings = {
				ASSETCATALOG_COMPILER_APPICON_NAME = AppIcon;
				"CODE_SIGN_IDENTITY[sdk=iphoneos*]" = "iPhone Developer";
				CODE_SIGN_STYLE = Manual;
				DEVELOPMENT_TEAM = 3J7U28GXGW;
				INFOPLIST_FILE = mNet/Info.plist;
				IPHONEOS_DEPLOYMENT_TARGET = 10.0;
				LD_RUNPATH_SEARCH_PATHS = "$(inherited) @executable_path/Frameworks";
				PRODUCT_BUNDLE_IDENTIFIER = com.mediaware.mNet;
				PRODUCT_NAME = "$(TARGET_NAME)";
				PROVISIONING_PROFILE = "7825225e-6766-4167-911c-40e3c620daa8";
				PROVISIONING_PROFILE_SPECIFIER = mNetDevelopment;
				SWIFT_VERSION = 3.0;
			};
			name = Release;
		};
/* End XCBuildConfiguration section */

/* Begin XCConfigurationList section */
		5E20CD8A1FE952BE004ACE0D /* Build configuration list for PBXProject "mNet" */ = {
			isa = XCConfigurationList;
			buildConfigurations = (
				5E20CD9F1FE952BE004ACE0D /* Debug */,
				5E20CDA01FE952BE004ACE0D /* Release */,
			);
			defaultConfigurationIsVisible = 0;
			defaultConfigurationName = Release;
		};
		5E20CDA11FE952BE004ACE0D /* Build configuration list for PBXNativeTarget "mNet" */ = {
			isa = XCConfigurationList;
			buildConfigurations = (
				5E20CDA21FE952BE004ACE0D /* Debug */,
				5E20CDA31FE952BE004ACE0D /* Release */,
			);
			defaultConfigurationIsVisible = 0;
			defaultConfigurationName = Release;
		};
/* End XCConfigurationList section */
	};
	rootObject = 5E20CD871FE952BE004ACE0D /* Project object */;
}
